// !$*UTF8*$!
{
	archiveVersion = 1;
	classes = {
	};
	objectVersion = 46;
	objects = {

/* Begin PBXBuildFile section */
		9603F7561D1719A4005EFB46 /* Operation.swift in Sources */ = {isa = PBXBuildFile; fileRef = 9603F7551D1719A4005EFB46 /* Operation.swift */; };
		9603F7571D1719A4005EFB46 /* Operation.swift in Sources */ = {isa = PBXBuildFile; fileRef = 9603F7551D1719A4005EFB46 /* Operation.swift */; };
		960594231D19D96C00325995 /* PrintInformationOperation.swift in Sources */ = {isa = PBXBuildFile; fileRef = 960594221D19D96C00325995 /* PrintInformationOperation.swift */; };
		960594241D19D96C00325995 /* PrintInformationOperation.swift in Sources */ = {isa = PBXBuildFile; fileRef = 960594221D19D96C00325995 /* PrintInformationOperation.swift */; };
		960CEF931A3F7C2C00F0B156 /* CommandLineTool.swift in Sources */ = {isa = PBXBuildFile; fileRef = 960CEF901A3F7C2C00F0B156 /* CommandLineTool.swift */; };
		960CEF941A3F7C2C00F0B156 /* Option.swift in Sources */ = {isa = PBXBuildFile; fileRef = 960CEF911A3F7C2C00F0B156 /* Option.swift */; };
		960CEF951A3F7C2C00F0B156 /* StringExtensions.swift in Sources */ = {isa = PBXBuildFile; fileRef = 960CEF921A3F7C2C00F0B156 /* StringExtensions.swift */; };
		960CEF971A3F828B00F0B156 /* ImageSet.swift in Sources */ = {isa = PBXBuildFile; fileRef = 960CEF961A3F828B00F0B156 /* ImageSet.swift */; };
		961427121D1F1186005831AA /* Assets.swift in Sources */ = {isa = PBXBuildFile; fileRef = 961427111D1F1186005831AA /* Assets.swift */; };
		961DEFE21D0DDD2F002AD0CC /* Interface.storyboard in Resources */ = {isa = PBXBuildFile; fileRef = 961DEFE01D0DDD2F002AD0CC /* Interface.storyboard */; };
		961DEFE41D0DDD2F002AD0CC /* Assets.xcassets in Resources */ = {isa = PBXBuildFile; fileRef = 961DEFE31D0DDD2F002AD0CC /* Assets.xcassets */; };
		961DEFEB1D0DDD2F002AD0CC /* watchTestApp Extension.appex in Embed App Extensions */ = {isa = PBXBuildFile; fileRef = 961DEFEA1D0DDD2F002AD0CC /* watchTestApp Extension.appex */; settings = {ATTRIBUTES = (RemoveHeadersOnCopy, ); }; };
		961DEFF01D0DDD2F002AD0CC /* InterfaceController.swift in Sources */ = {isa = PBXBuildFile; fileRef = 961DEFEF1D0DDD2F002AD0CC /* InterfaceController.swift */; };
		961DEFF21D0DDD2F002AD0CC /* ExtensionDelegate.swift in Sources */ = {isa = PBXBuildFile; fileRef = 961DEFF11D0DDD2F002AD0CC /* ExtensionDelegate.swift */; };
		961DEFF41D0DDD2F002AD0CC /* Assets.xcassets in Resources */ = {isa = PBXBuildFile; fileRef = 961DEFF31D0DDD2F002AD0CC /* Assets.xcassets */; };
		961DEFF81D0DDD2F002AD0CC /* watchTestApp.app in Embed Watch Content */ = {isa = PBXBuildFile; fileRef = 961DEFDE1D0DDD2F002AD0CC /* watchTestApp.app */; };
		961DF0001D0DDDFD002AD0CC /* Images.xcassets in Resources */ = {isa = PBXBuildFile; fileRef = 9625C14A1A48C24A00EE5162 /* Images.xcassets */; };
		961DF0011D0DDDFE002AD0CC /* Images.xcassets in Resources */ = {isa = PBXBuildFile; fileRef = 9625C14A1A48C24A00EE5162 /* Images.xcassets */; };
		9625C14B1A48C24A00EE5162 /* Images.xcassets in Resources */ = {isa = PBXBuildFile; fileRef = 9625C14A1A48C24A00EE5162 /* Images.xcassets */; };
		9625C14C1A48C24A00EE5162 /* Images.xcassets in Resources */ = {isa = PBXBuildFile; fileRef = 9625C14A1A48C24A00EE5162 /* Images.xcassets */; };
		9666CE251D21B363009C9402 /* SlicesTests.swift in Sources */ = {isa = PBXBuildFile; fileRef = 9666CE241D21B363009C9402 /* SlicesTests.swift */; };
		9669A6361D20332D0037654D /* TemplateRenderingTests.swift in Sources */ = {isa = PBXBuildFile; fileRef = 9669A6351D20332D0037654D /* TemplateRenderingTests.swift */; };
		966A50361A3DEBE0002C814F /* main.swift in Sources */ = {isa = PBXBuildFile; fileRef = 966A50351A3DEBE0002C814F /* main.swift */; };
		966A504F1A3DF14C002C814F /* AssetsCatalog.swift in Sources */ = {isa = PBXBuildFile; fileRef = 966A504E1A3DF14C002C814F /* AssetsCatalog.swift */; };
		966A50521A3E13B2002C814F /* CoreUI.framework in Frameworks */ = {isa = PBXBuildFile; fileRef = 966A50511A3E13B2002C814F /* CoreUI.framework */; };
		9673B97A1D205CE900F3C684 /* AlignmentTests.swift in Sources */ = {isa = PBXBuildFile; fileRef = 9673B9791D205CE900F3C684 /* AlignmentTests.swift */; };
		96856B8A1D0DE62F0053B1B8 /* data in Resources */ = {isa = PBXBuildFile; fileRef = 96856B891D0DE62F0053B1B8 /* data */; };
		968FAAC41A48C1500083A943 /* AppDelegate.swift in Sources */ = {isa = PBXBuildFile; fileRef = 968FAAC31A48C1500083A943 /* AppDelegate.swift */; };
		968FAAC61A48C1500083A943 /* ViewController.swift in Sources */ = {isa = PBXBuildFile; fileRef = 968FAAC51A48C1500083A943 /* ViewController.swift */; };
		968FAAC91A48C1500083A943 /* Main.storyboard in Resources */ = {isa = PBXBuildFile; fileRef = 968FAAC71A48C1500083A943 /* Main.storyboard */; };
		968FAACE1A48C1500083A943 /* LaunchScreen.xib in Resources */ = {isa = PBXBuildFile; fileRef = 968FAACC1A48C1500083A943 /* LaunchScreen.xib */; };
		968FAAEC1A48C16E0083A943 /* AppDelegate.swift in Sources */ = {isa = PBXBuildFile; fileRef = 968FAAEB1A48C16E0083A943 /* AppDelegate.swift */; };
		968FAAEE1A48C16E0083A943 /* ViewController.swift in Sources */ = {isa = PBXBuildFile; fileRef = 968FAAED1A48C16E0083A943 /* ViewController.swift */; };
		968FAAF31A48C16E0083A943 /* Main.storyboard in Resources */ = {isa = PBXBuildFile; fileRef = 968FAAF11A48C16E0083A943 /* Main.storyboard */; };
		96A84A581D0DF0D500B79D25 /* AppDelegate.swift in Sources */ = {isa = PBXBuildFile; fileRef = 96A84A571D0DF0D500B79D25 /* AppDelegate.swift */; };
		96A84A5A1D0DF0D500B79D25 /* ViewController.swift in Sources */ = {isa = PBXBuildFile; fileRef = 96A84A591D0DF0D500B79D25 /* ViewController.swift */; };
		96A84A5D1D0DF0D500B79D25 /* Main.storyboard in Resources */ = {isa = PBXBuildFile; fileRef = 96A84A5B1D0DF0D500B79D25 /* Main.storyboard */; };
		96A84A5F1D0DF0D500B79D25 /* Assets.xcassets in Resources */ = {isa = PBXBuildFile; fileRef = 96A84A5E1D0DF0D500B79D25 /* Assets.xcassets */; };
		96A84A661D0DF0EF00B79D25 /* Images.xcassets in Resources */ = {isa = PBXBuildFile; fileRef = 9625C14A1A48C24A00EE5162 /* Images.xcassets */; };
		96CB28C51D29411C003B94BB /* MemoryClassTests.swift in Sources */ = {isa = PBXBuildFile; fileRef = 96CB28C41D29411C003B94BB /* MemoryClassTests.swift */; };
		96D010831D173194000553B1 /* CorrectnessTests.swift in Sources */ = {isa = PBXBuildFile; fileRef = 96D010821D173194000553B1 /* CorrectnessTests.swift */; };
		96E36DDB1D2472CB00985687 /* GraphicalClassTests.swift in Sources */ = {isa = PBXBuildFile; fileRef = 96E36DDA1D2472CB00985687 /* GraphicalClassTests.swift */; };
		96E9F6AA1D0DD320001588FF /* AssetsCatalogTests.swift in Sources */ = {isa = PBXBuildFile; fileRef = 96E9F6A91D0DD320001588FF /* AssetsCatalogTests.swift */; };
		96E9F6B11D0DD450001588FF /* AssetsCatalog.swift in Sources */ = {isa = PBXBuildFile; fileRef = 966A504E1A3DF14C002C814F /* AssetsCatalog.swift */; };
		96E9F6B21D0DD454001588FF /* CoreUI_Swift.swift in Sources */ = {isa = PBXBuildFile; fileRef = 96F49FCC1A40C2E700F54148 /* CoreUI_Swift.swift */; };
		96E9F6B41D0DD45C001588FF /* ImageSet.swift in Sources */ = {isa = PBXBuildFile; fileRef = 960CEF961A3F828B00F0B156 /* ImageSet.swift */; };
		96E9F6B51D0DD4A3001588FF /* CoreUI.framework in Frameworks */ = {isa = PBXBuildFile; fileRef = 966A50511A3E13B2002C814F /* CoreUI.framework */; };
		96F446661D15DB7000F30964 /* DeviceTests.swift in Sources */ = {isa = PBXBuildFile; fileRef = 96F446651D15DB6F00F30964 /* DeviceTests.swift */; };
		96F49FCD1A40C2E700F54148 /* CoreUI_Swift.swift in Sources */ = {isa = PBXBuildFile; fileRef = 96F49FCC1A40C2E700F54148 /* CoreUI_Swift.swift */; };
		96F52BFC1D1FFB89006CAD7B /* SizeClassTests.swift in Sources */ = {isa = PBXBuildFile; fileRef = 96F52BFB1D1FFB89006CAD7B /* SizeClassTests.swift */; };
/* End PBXBuildFile section */

/* Begin PBXContainerItemProxy section */
		960CEF8B1A3F7BF700F0B156 /* PBXContainerItemProxy */ = {
			isa = PBXContainerItemProxy;
			containerPortal = 960CEF861A3F7BF700F0B156 /* CommandLine.xcodeproj */;
			proxyType = 2;
			remoteGlobalIDString = 5D06884319674D7D00BBFAAC;
			remoteInfo = CommandLine;
		};
		960CEF8D1A3F7BF700F0B156 /* PBXContainerItemProxy */ = {
			isa = PBXContainerItemProxy;
			containerPortal = 960CEF861A3F7BF700F0B156 /* CommandLine.xcodeproj */;
			proxyType = 2;
			remoteGlobalIDString = 5D06884E19674D7D00BBFAAC;
			remoteInfo = CommandLineTests;
		};
		961DEFEC1D0DDD2F002AD0CC /* PBXContainerItemProxy */ = {
			isa = PBXContainerItemProxy;
			containerPortal = 966A502A1A3DEBE0002C814F /* Project object */;
			proxyType = 1;
			remoteGlobalIDString = 961DEFE91D0DDD2F002AD0CC;
			remoteInfo = "watchTestApp Extension";
		};
		961DEFF61D0DDD2F002AD0CC /* PBXContainerItemProxy */ = {
			isa = PBXContainerItemProxy;
			containerPortal = 966A502A1A3DEBE0002C814F /* Project object */;
			proxyType = 1;
			remoteGlobalIDString = 961DEFDD1D0DDD2F002AD0CC;
			remoteInfo = watchTestApp;
		};
/* End PBXContainerItemProxy section */

/* Begin PBXCopyFilesBuildPhase section */
		961DEFFC1D0DDD2F002AD0CC /* Embed App Extensions */ = {
			isa = PBXCopyFilesBuildPhase;
			buildActionMask = 2147483647;
			dstPath = "";
			dstSubfolderSpec = 13;
			files = (
				961DEFEB1D0DDD2F002AD0CC /* watchTestApp Extension.appex in Embed App Extensions */,
			);
			name = "Embed App Extensions";
			runOnlyForDeploymentPostprocessing = 0;
		};
		966A50301A3DEBE0002C814F /* CopyFiles */ = {
			isa = PBXCopyFilesBuildPhase;
			buildActionMask = 2147483647;
			dstPath = /usr/share/man/man1/;
			dstSubfolderSpec = 0;
			files = (
			);
			runOnlyForDeploymentPostprocessing = 1;
		};
		96C009C91D0DC0CA001D604A /* Embed Watch Content */ = {
			isa = PBXCopyFilesBuildPhase;
			buildActionMask = 2147483647;
			dstPath = "$(CONTENTS_FOLDER_PATH)/Watch";
			dstSubfolderSpec = 16;
			files = (
				961DEFF81D0DDD2F002AD0CC /* watchTestApp.app in Embed Watch Content */,
			);
			name = "Embed Watch Content";
			runOnlyForDeploymentPostprocessing = 0;
		};
/* End PBXCopyFilesBuildPhase section */

/* Begin PBXFileReference section */
		9603F7551D1719A4005EFB46 /* Operation.swift */ = {isa = PBXFileReference; fileEncoding = 4; lastKnownFileType = sourcecode.swift; path = Operation.swift; sourceTree = "<group>"; };
		960594221D19D96C00325995 /* PrintInformationOperation.swift */ = {isa = PBXFileReference; fileEncoding = 4; lastKnownFileType = sourcecode.swift; path = PrintInformationOperation.swift; sourceTree = "<group>"; };
		960CEF861A3F7BF700F0B156 /* CommandLine.xcodeproj */ = {isa = PBXFileReference; lastKnownFileType = "wrapper.pb-project"; name = CommandLine.xcodeproj; path = CommandLine/CommandLine.xcodeproj; sourceTree = "<group>"; };
		960CEF901A3F7C2C00F0B156 /* CommandLineTool.swift */ = {isa = PBXFileReference; fileEncoding = 4; lastKnownFileType = sourcecode.swift; name = CommandLineTool.swift; path = CommandLine/CommandLine/CommandLineTool.swift; sourceTree = SOURCE_ROOT; };
		960CEF911A3F7C2C00F0B156 /* Option.swift */ = {isa = PBXFileReference; fileEncoding = 4; lastKnownFileType = sourcecode.swift; name = Option.swift; path = CommandLine/CommandLine/Option.swift; sourceTree = SOURCE_ROOT; };
		960CEF921A3F7C2C00F0B156 /* StringExtensions.swift */ = {isa = PBXFileReference; fileEncoding = 4; lastKnownFileType = sourcecode.swift; name = StringExtensions.swift; path = CommandLine/CommandLine/StringExtensions.swift; sourceTree = SOURCE_ROOT; };
		960CEF961A3F828B00F0B156 /* ImageSet.swift */ = {isa = PBXFileReference; fileEncoding = 4; lastKnownFileType = sourcecode.swift; path = ImageSet.swift; sourceTree = "<group>"; };
		9614270E1D1F1109005831AA /* Templates.xcassets */ = {isa = PBXFileReference; lastKnownFileType = folder.assetcatalog; path = Templates.xcassets; sourceTree = "<group>"; };
		961427111D1F1186005831AA /* Assets.swift */ = {isa = PBXFileReference; fileEncoding = 4; lastKnownFileType = sourcecode.swift; path = Assets.swift; sourceTree = "<group>"; };
		961DEFDE1D0DDD2F002AD0CC /* watchTestApp.app */ = {isa = PBXFileReference; explicitFileType = wrapper.application; includeInIndex = 0; path = watchTestApp.app; sourceTree = BUILT_PRODUCTS_DIR; };
		961DEFE11D0DDD2F002AD0CC /* Base */ = {isa = PBXFileReference; lastKnownFileType = file.storyboard; name = Base; path = Base.lproj/Interface.storyboard; sourceTree = "<group>"; };
		961DEFE31D0DDD2F002AD0CC /* Assets.xcassets */ = {isa = PBXFileReference; lastKnownFileType = folder.assetcatalog; path = Assets.xcassets; sourceTree = "<group>"; };
		961DEFE51D0DDD2F002AD0CC /* Info.plist */ = {isa = PBXFileReference; lastKnownFileType = text.plist.xml; path = Info.plist; sourceTree = "<group>"; };
		961DEFEA1D0DDD2F002AD0CC /* watchTestApp Extension.appex */ = {isa = PBXFileReference; explicitFileType = "wrapper.app-extension"; includeInIndex = 0; path = "watchTestApp Extension.appex"; sourceTree = BUILT_PRODUCTS_DIR; };
		961DEFEF1D0DDD2F002AD0CC /* InterfaceController.swift */ = {isa = PBXFileReference; lastKnownFileType = sourcecode.swift; path = InterfaceController.swift; sourceTree = "<group>"; };
		961DEFF11D0DDD2F002AD0CC /* ExtensionDelegate.swift */ = {isa = PBXFileReference; lastKnownFileType = sourcecode.swift; path = ExtensionDelegate.swift; sourceTree = "<group>"; };
		961DEFF31D0DDD2F002AD0CC /* Assets.xcassets */ = {isa = PBXFileReference; lastKnownFileType = folder.assetcatalog; path = Assets.xcassets; sourceTree = "<group>"; };
		961DEFF51D0DDD2F002AD0CC /* Info.plist */ = {isa = PBXFileReference; lastKnownFileType = text.plist.xml; path = Info.plist; sourceTree = "<group>"; };
		9625C14A1A48C24A00EE5162 /* Images.xcassets */ = {isa = PBXFileReference; lastKnownFileType = folder.assetcatalog; path = Images.xcassets; sourceTree = "<group>"; };
		9666CE241D21B363009C9402 /* SlicesTests.swift */ = {isa = PBXFileReference; fileEncoding = 4; lastKnownFileType = sourcecode.swift; path = SlicesTests.swift; sourceTree = "<group>"; };
		9669A6351D20332D0037654D /* TemplateRenderingTests.swift */ = {isa = PBXFileReference; fileEncoding = 4; lastKnownFileType = sourcecode.swift; path = TemplateRenderingTests.swift; sourceTree = "<group>"; };
		966A50321A3DEBE0002C814F /* acextract */ = {isa = PBXFileReference; explicitFileType = "compiled.mach-o.executable"; includeInIndex = 0; path = acextract; sourceTree = BUILT_PRODUCTS_DIR; };
		966A50351A3DEBE0002C814F /* main.swift */ = {isa = PBXFileReference; lastKnownFileType = sourcecode.swift; path = main.swift; sourceTree = "<group>"; };
		966A503C1A3DEC0C002C814F /* acextract-Bridging-Header.h */ = {isa = PBXFileReference; fileEncoding = 4; lastKnownFileType = sourcecode.c.h; path = "acextract-Bridging-Header.h"; sourceTree = "<group>"; };
		966A504E1A3DF14C002C814F /* AssetsCatalog.swift */ = {isa = PBXFileReference; fileEncoding = 4; lastKnownFileType = sourcecode.swift; path = AssetsCatalog.swift; sourceTree = "<group>"; };
		966A50501A3E0E3F002C814F /* CoreUI.h */ = {isa = PBXFileReference; lastKnownFileType = sourcecode.c.h; path = CoreUI.h; sourceTree = "<group>"; };
		966A50511A3E13B2002C814F /* CoreUI.framework */ = {isa = PBXFileReference; lastKnownFileType = wrapper.framework; name = CoreUI.framework; path = /System/Library/PrivateFrameworks/CoreUI.framework; sourceTree = "<absolute>"; };
		9673B9791D205CE900F3C684 /* AlignmentTests.swift */ = {isa = PBXFileReference; fileEncoding = 4; lastKnownFileType = sourcecode.swift; path = AlignmentTests.swift; sourceTree = "<group>"; };
		96856B891D0DE62F0053B1B8 /* data */ = {isa = PBXFileReference; lastKnownFileType = folder; path = data; sourceTree = "<group>"; };
		968FAABF1A48C1500083A943 /* iOSTestApp.app */ = {isa = PBXFileReference; explicitFileType = wrapper.application; includeInIndex = 0; path = iOSTestApp.app; sourceTree = BUILT_PRODUCTS_DIR; };
		968FAAC21A48C1500083A943 /* Info.plist */ = {isa = PBXFileReference; lastKnownFileType = text.plist.xml; path = Info.plist; sourceTree = "<group>"; };
		968FAAC31A48C1500083A943 /* AppDelegate.swift */ = {isa = PBXFileReference; lastKnownFileType = sourcecode.swift; path = AppDelegate.swift; sourceTree = "<group>"; };
		968FAAC51A48C1500083A943 /* ViewController.swift */ = {isa = PBXFileReference; lastKnownFileType = sourcecode.swift; path = ViewController.swift; sourceTree = "<group>"; };
		968FAAC81A48C1500083A943 /* Base */ = {isa = PBXFileReference; lastKnownFileType = file.storyboard; name = Base; path = Base.lproj/Main.storyboard; sourceTree = "<group>"; };
		968FAACD1A48C1500083A943 /* Base */ = {isa = PBXFileReference; lastKnownFileType = file.xib; name = Base; path = Base.lproj/LaunchScreen.xib; sourceTree = "<group>"; };
		968FAAE71A48C16E0083A943 /* macTestApp.app */ = {isa = PBXFileReference; explicitFileType = wrapper.application; includeInIndex = 0; path = macTestApp.app; sourceTree = BUILT_PRODUCTS_DIR; };
		968FAAEA1A48C16E0083A943 /* Info.plist */ = {isa = PBXFileReference; lastKnownFileType = text.plist.xml; path = Info.plist; sourceTree = "<group>"; };
		968FAAEB1A48C16E0083A943 /* AppDelegate.swift */ = {isa = PBXFileReference; lastKnownFileType = sourcecode.swift; path = AppDelegate.swift; sourceTree = "<group>"; };
		968FAAED1A48C16E0083A943 /* ViewController.swift */ = {isa = PBXFileReference; lastKnownFileType = sourcecode.swift; path = ViewController.swift; sourceTree = "<group>"; };
		968FAAF21A48C16E0083A943 /* Base */ = {isa = PBXFileReference; lastKnownFileType = file.storyboard; name = Base; path = Base.lproj/Main.storyboard; sourceTree = "<group>"; };
		96A84A551D0DF0D500B79D25 /* tvTestApp.app */ = {isa = PBXFileReference; explicitFileType = wrapper.application; includeInIndex = 0; path = tvTestApp.app; sourceTree = BUILT_PRODUCTS_DIR; };
		96A84A571D0DF0D500B79D25 /* AppDelegate.swift */ = {isa = PBXFileReference; lastKnownFileType = sourcecode.swift; path = AppDelegate.swift; sourceTree = "<group>"; };
		96A84A591D0DF0D500B79D25 /* ViewController.swift */ = {isa = PBXFileReference; lastKnownFileType = sourcecode.swift; path = ViewController.swift; sourceTree = "<group>"; };
		96A84A5C1D0DF0D500B79D25 /* Base */ = {isa = PBXFileReference; lastKnownFileType = file.storyboard; name = Base; path = Base.lproj/Main.storyboard; sourceTree = "<group>"; };
		96A84A5E1D0DF0D500B79D25 /* Assets.xcassets */ = {isa = PBXFileReference; lastKnownFileType = folder.assetcatalog; path = Assets.xcassets; sourceTree = "<group>"; };
		96A84A601D0DF0D500B79D25 /* Info.plist */ = {isa = PBXFileReference; lastKnownFileType = text.plist.xml; path = Info.plist; sourceTree = "<group>"; };
		96CB28C41D29411C003B94BB /* MemoryClassTests.swift */ = {isa = PBXFileReference; fileEncoding = 4; lastKnownFileType = sourcecode.swift; path = MemoryClassTests.swift; sourceTree = "<group>"; };
		96D010821D173194000553B1 /* CorrectnessTests.swift */ = {isa = PBXFileReference; fileEncoding = 4; lastKnownFileType = sourcecode.swift; path = CorrectnessTests.swift; sourceTree = "<group>"; };
		96E36DDA1D2472CB00985687 /* GraphicalClassTests.swift */ = {isa = PBXFileReference; fileEncoding = 4; lastKnownFileType = sourcecode.swift; path = GraphicalClassTests.swift; sourceTree = "<group>"; };
		96E9F6A71D0DD31F001588FF /* acextractTests.xctest */ = {isa = PBXFileReference; explicitFileType = wrapper.cfbundle; includeInIndex = 0; path = acextractTests.xctest; sourceTree = BUILT_PRODUCTS_DIR; };
		96E9F6A91D0DD320001588FF /* AssetsCatalogTests.swift */ = {isa = PBXFileReference; lastKnownFileType = sourcecode.swift; path = AssetsCatalogTests.swift; sourceTree = "<group>"; };
		96E9F6AB1D0DD320001588FF /* Info.plist */ = {isa = PBXFileReference; lastKnownFileType = text.plist.xml; path = Info.plist; sourceTree = "<group>"; };
		96E9F6B61D0DD4ED001588FF /* acextractTests-Bridging-Header.h */ = {isa = PBXFileReference; lastKnownFileType = sourcecode.c.h; path = "acextractTests-Bridging-Header.h"; sourceTree = "<group>"; };
		96F446651D15DB6F00F30964 /* DeviceTests.swift */ = {isa = PBXFileReference; fileEncoding = 4; lastKnownFileType = sourcecode.swift; path = DeviceTests.swift; sourceTree = "<group>"; };
		96F49FCC1A40C2E700F54148 /* CoreUI_Swift.swift */ = {isa = PBXFileReference; fileEncoding = 4; lastKnownFileType = sourcecode.swift; path = CoreUI_Swift.swift; sourceTree = "<group>"; };
		96F52BFB1D1FFB89006CAD7B /* SizeClassTests.swift */ = {isa = PBXFileReference; fileEncoding = 4; lastKnownFileType = sourcecode.swift; path = SizeClassTests.swift; sourceTree = "<group>"; };
/* End PBXFileReference section */

/* Begin PBXFrameworksBuildPhase section */
		961DEFE71D0DDD2F002AD0CC /* Frameworks */ = {
			isa = PBXFrameworksBuildPhase;
			buildActionMask = 2147483647;
			files = (
			);
			runOnlyForDeploymentPostprocessing = 0;
		};
		966A502F1A3DEBE0002C814F /* Frameworks */ = {
			isa = PBXFrameworksBuildPhase;
			buildActionMask = 2147483647;
			files = (
				966A50521A3E13B2002C814F /* CoreUI.framework in Frameworks */,
			);
			runOnlyForDeploymentPostprocessing = 0;
		};
		968FAABC1A48C1500083A943 /* Frameworks */ = {
			isa = PBXFrameworksBuildPhase;
			buildActionMask = 2147483647;
			files = (
			);
			runOnlyForDeploymentPostprocessing = 0;
		};
		968FAAE41A48C16E0083A943 /* Frameworks */ = {
			isa = PBXFrameworksBuildPhase;
			buildActionMask = 2147483647;
			files = (
			);
			runOnlyForDeploymentPostprocessing = 0;
		};
		96A84A521D0DF0D500B79D25 /* Frameworks */ = {
			isa = PBXFrameworksBuildPhase;
			buildActionMask = 2147483647;
			files = (
			);
			runOnlyForDeploymentPostprocessing = 0;
		};
		96E9F6A41D0DD31F001588FF /* Frameworks */ = {
			isa = PBXFrameworksBuildPhase;
			buildActionMask = 2147483647;
			files = (
				96E9F6B51D0DD4A3001588FF /* CoreUI.framework in Frameworks */,
			);
			runOnlyForDeploymentPostprocessing = 0;
		};
/* End PBXFrameworksBuildPhase section */

/* Begin PBXGroup section */
		960594271D19D97000325995 /* Operation */ = {
			isa = PBXGroup;
			children = (
				9603F7551D1719A4005EFB46 /* Operation.swift */,
				960594221D19D96C00325995 /* PrintInformationOperation.swift */,
			);
			name = Operation;
			sourceTree = "<group>";
		};
		960CEF851A3F7BEB00F0B156 /* Frameworks */ = {
			isa = PBXGroup;
			children = (
				966A50511A3E13B2002C814F /* CoreUI.framework */,
			);
			name = Frameworks;
			sourceTree = "<group>";
		};
		960CEF871A3F7BF700F0B156 /* Products */ = {
			isa = PBXGroup;
			children = (
				960CEF8C1A3F7BF700F0B156 /* CommandLine.framework */,
				960CEF8E1A3F7BF700F0B156 /* CommandLineTests.xctest */,
			);
			name = Products;
			sourceTree = "<group>";
		};
		960CEF8F1A3F7C2000F0B156 /* CommandLine */ = {
			isa = PBXGroup;
			children = (
				960CEF901A3F7C2C00F0B156 /* CommandLineTool.swift */,
				960CEF911A3F7C2C00F0B156 /* Option.swift */,
				960CEF921A3F7C2C00F0B156 /* StringExtensions.swift */,
			);
			name = CommandLine;
			sourceTree = "<group>";
		};
		961A9EA11D171017009BFF62 /* CoreUI */ = {
			isa = PBXGroup;
			children = (
				96F49FCC1A40C2E700F54148 /* CoreUI_Swift.swift */,
				966A50501A3E0E3F002C814F /* CoreUI.h */,
			);
			name = CoreUI;
			sourceTree = "<group>";
		};
		961DEFDF1D0DDD2F002AD0CC /* watchTestApp */ = {
			isa = PBXGroup;
			children = (
				961DEFE01D0DDD2F002AD0CC /* Interface.storyboard */,
				961DEFE31D0DDD2F002AD0CC /* Assets.xcassets */,
				961DEFE51D0DDD2F002AD0CC /* Info.plist */,
			);
			path = watchTestApp;
			sourceTree = "<group>";
		};
		961DEFEE1D0DDD2F002AD0CC /* watchTestApp Extension */ = {
			isa = PBXGroup;
			children = (
				961DEFEF1D0DDD2F002AD0CC /* InterfaceController.swift */,
				961DEFF11D0DDD2F002AD0CC /* ExtensionDelegate.swift */,
				961DEFF31D0DDD2F002AD0CC /* Assets.xcassets */,
				961DEFF51D0DDD2F002AD0CC /* Info.plist */,
			);
			path = "watchTestApp Extension";
			sourceTree = "<group>";
		};
		966A50291A3DEBE0002C814F = {
			isa = PBXGroup;
			children = (
				9625C14A1A48C24A00EE5162 /* Images.xcassets */,
				9614270E1D1F1109005831AA /* Templates.xcassets */,
				966A50341A3DEBE0002C814F /* acextract */,
				96E9F6A81D0DD31F001588FF /* acextractTests */,
				968FAAC01A48C1500083A943 /* iOSTestApp */,
				968FAAE81A48C16E0083A943 /* macTestApp */,
				96A84A561D0DF0D500B79D25 /* tvTestApp */,
				961DEFDF1D0DDD2F002AD0CC /* watchTestApp */,
				961DEFEE1D0DDD2F002AD0CC /* watchTestApp Extension */,
				960CEF851A3F7BEB00F0B156 /* Frameworks */,
				966A50331A3DEBE0002C814F /* Products */,
				960CEF861A3F7BF700F0B156 /* CommandLine.xcodeproj */,
			);
			sourceTree = "<group>";
		};
		966A50331A3DEBE0002C814F /* Products */ = {
			isa = PBXGroup;
			children = (
				966A50321A3DEBE0002C814F /* acextract */,
				968FAABF1A48C1500083A943 /* iOSTestApp.app */,
				968FAAE71A48C16E0083A943 /* macTestApp.app */,
				96E9F6A71D0DD31F001588FF /* acextractTests.xctest */,
				961DEFDE1D0DDD2F002AD0CC /* watchTestApp.app */,
				961DEFEA1D0DDD2F002AD0CC /* watchTestApp Extension.appex */,
				96A84A551D0DF0D500B79D25 /* tvTestApp.app */,
			);
			name = Products;
			sourceTree = "<group>";
		};
		966A50341A3DEBE0002C814F /* acextract */ = {
			isa = PBXGroup;
			children = (
				966A503C1A3DEC0C002C814F /* acextract-Bridging-Header.h */,
				966A504E1A3DF14C002C814F /* AssetsCatalog.swift */,
				960CEF8F1A3F7C2000F0B156 /* CommandLine */,
				961A9EA11D171017009BFF62 /* CoreUI */,
				960CEF961A3F828B00F0B156 /* ImageSet.swift */,
				966A50351A3DEBE0002C814F /* main.swift */,
				960594271D19D97000325995 /* Operation */,
			);
			path = acextract;
			sourceTree = "<group>";
		};
		968FAAC01A48C1500083A943 /* iOSTestApp */ = {
			isa = PBXGroup;
			children = (
				968FAAC31A48C1500083A943 /* AppDelegate.swift */,
				968FAAC51A48C1500083A943 /* ViewController.swift */,
				968FAAC71A48C1500083A943 /* Main.storyboard */,
				968FAACC1A48C1500083A943 /* LaunchScreen.xib */,
				968FAAC11A48C1500083A943 /* Supporting Files */,
			);
			path = iOSTestApp;
			sourceTree = "<group>";
		};
		968FAAC11A48C1500083A943 /* Supporting Files */ = {
			isa = PBXGroup;
			children = (
				968FAAC21A48C1500083A943 /* Info.plist */,
			);
			name = "Supporting Files";
			sourceTree = "<group>";
		};
		968FAAE81A48C16E0083A943 /* macTestApp */ = {
			isa = PBXGroup;
			children = (
				968FAAEB1A48C16E0083A943 /* AppDelegate.swift */,
				968FAAED1A48C16E0083A943 /* ViewController.swift */,
				968FAAF11A48C16E0083A943 /* Main.storyboard */,
				968FAAE91A48C16E0083A943 /* Supporting Files */,
			);
			path = macTestApp;
			sourceTree = "<group>";
		};
		968FAAE91A48C16E0083A943 /* Supporting Files */ = {
			isa = PBXGroup;
			children = (
				968FAAEA1A48C16E0083A943 /* Info.plist */,
			);
			name = "Supporting Files";
			sourceTree = "<group>";
		};
		96A84A561D0DF0D500B79D25 /* tvTestApp */ = {
			isa = PBXGroup;
			children = (
				96A84A571D0DF0D500B79D25 /* AppDelegate.swift */,
				96A84A591D0DF0D500B79D25 /* ViewController.swift */,
				96A84A5B1D0DF0D500B79D25 /* Main.storyboard */,
				96A84A5E1D0DF0D500B79D25 /* Assets.xcassets */,
				96A84A601D0DF0D500B79D25 /* Info.plist */,
			);
			path = tvTestApp;
			sourceTree = "<group>";
		};
		96A93BE71D1FFF45004280E2 /* Tests */ = {
			isa = PBXGroup;
			children = (
				9673B9791D205CE900F3C684 /* AlignmentTests.swift */,
				96E9F6A91D0DD320001588FF /* AssetsCatalogTests.swift */,
				96D010821D173194000553B1 /* CorrectnessTests.swift */,
				96F446651D15DB6F00F30964 /* DeviceTests.swift */,
				96E36DDA1D2472CB00985687 /* GraphicalClassTests.swift */,
				96CB28C41D29411C003B94BB /* MemoryClassTests.swift */,
				96F52BFB1D1FFB89006CAD7B /* SizeClassTests.swift */,
				9666CE241D21B363009C9402 /* SlicesTests.swift */,
				9669A6351D20332D0037654D /* TemplateRenderingTests.swift */,
			);
			name = Tests;
			sourceTree = "<group>";
		};
		96A93BEA1D1FFF54004280E2 /* Supporting Files */ = {
			isa = PBXGroup;
			children = (
				96E9F6B61D0DD4ED001588FF /* acextractTests-Bridging-Header.h */,
				96E9F6AB1D0DD320001588FF /* Info.plist */,
			);
			name = "Supporting Files";
			sourceTree = "<group>";
		};
		96E9F6A81D0DD31F001588FF /* acextractTests */ = {
			isa = PBXGroup;
			children = (
				961427111D1F1186005831AA /* Assets.swift */,
				96856B891D0DE62F0053B1B8 /* data */,
				96A93BEA1D1FFF54004280E2 /* Supporting Files */,
				96A93BE71D1FFF45004280E2 /* Tests */,
			);
			path = acextractTests;
			sourceTree = "<group>";
		};
/* End PBXGroup section */

/* Begin PBXNativeTarget section */
		961DEFDD1D0DDD2F002AD0CC /* watchTestApp */ = {
			isa = PBXNativeTarget;
			buildConfigurationList = 961DEFFD1D0DDD2F002AD0CC /* Build configuration list for PBXNativeTarget "watchTestApp" */;
			buildPhases = (
				961DEFDC1D0DDD2F002AD0CC /* Resources */,
				961DEFFC1D0DDD2F002AD0CC /* Embed App Extensions */,
			);
			buildRules = (
			);
			dependencies = (
				961DEFED1D0DDD2F002AD0CC /* PBXTargetDependency */,
			);
			name = watchTestApp;
			productName = watchTestApp;
			productReference = 961DEFDE1D0DDD2F002AD0CC /* watchTestApp.app */;
			productType = "com.apple.product-type.application.watchapp2";
		};
		961DEFE91D0DDD2F002AD0CC /* watchTestApp Extension */ = {
			isa = PBXNativeTarget;
			buildConfigurationList = 961DEFF91D0DDD2F002AD0CC /* Build configuration list for PBXNativeTarget "watchTestApp Extension" */;
			buildPhases = (
				961DEFE61D0DDD2F002AD0CC /* Sources */,
				961DEFE71D0DDD2F002AD0CC /* Frameworks */,
				961DEFE81D0DDD2F002AD0CC /* Resources */,
			);
			buildRules = (
			);
			dependencies = (
			);
			name = "watchTestApp Extension";
			productName = "watchTestApp Extension";
			productReference = 961DEFEA1D0DDD2F002AD0CC /* watchTestApp Extension.appex */;
			productType = "com.apple.product-type.watchkit2-extension";
		};
		966A50311A3DEBE0002C814F /* acextract */ = {
			isa = PBXNativeTarget;
			buildConfigurationList = 966A50391A3DEBE0002C814F /* Build configuration list for PBXNativeTarget "acextract" */;
			buildPhases = (
				966A502E1A3DEBE0002C814F /* Sources */,
				966A502F1A3DEBE0002C814F /* Frameworks */,
				966A50301A3DEBE0002C814F /* CopyFiles */,
				96F446691D15DBF500F30964 /* SwiftLint */,
			);
			buildRules = (
			);
			dependencies = (
			);
			name = acextract;
			productName = acextract;
			productReference = 966A50321A3DEBE0002C814F /* acextract */;
			productType = "com.apple.product-type.tool";
		};
		968FAABE1A48C1500083A943 /* iOSTestApp */ = {
			isa = PBXNativeTarget;
			buildConfigurationList = 968FAAE11A48C1500083A943 /* Build configuration list for PBXNativeTarget "iOSTestApp" */;
			buildPhases = (
				968FAABB1A48C1500083A943 /* Sources */,
				968FAABC1A48C1500083A943 /* Frameworks */,
				968FAABD1A48C1500083A943 /* Resources */,
				96C009C91D0DC0CA001D604A /* Embed Watch Content */,
			);
			buildRules = (
			);
			dependencies = (
				961DEFF71D0DDD2F002AD0CC /* PBXTargetDependency */,
			);
			name = iOSTestApp;
			productName = iOSTestApp;
			productReference = 968FAABF1A48C1500083A943 /* iOSTestApp.app */;
			productType = "com.apple.product-type.application";
		};
		968FAAE61A48C16E0083A943 /* macTestApp */ = {
			isa = PBXNativeTarget;
			buildConfigurationList = 968FAB001A48C16E0083A943 /* Build configuration list for PBXNativeTarget "macTestApp" */;
			buildPhases = (
				968FAAE31A48C16E0083A943 /* Sources */,
				968FAAE41A48C16E0083A943 /* Frameworks */,
				968FAAE51A48C16E0083A943 /* Resources */,
			);
			buildRules = (
			);
			dependencies = (
			);
			name = macTestApp;
			productName = MacTestApp;
			productReference = 968FAAE71A48C16E0083A943 /* macTestApp.app */;
			productType = "com.apple.product-type.application";
		};
		96A84A541D0DF0D500B79D25 /* tvTestApp */ = {
			isa = PBXNativeTarget;
			buildConfigurationList = 96A84A651D0DF0D500B79D25 /* Build configuration list for PBXNativeTarget "tvTestApp" */;
			buildPhases = (
				96A84A511D0DF0D500B79D25 /* Sources */,
				96A84A521D0DF0D500B79D25 /* Frameworks */,
				96A84A531D0DF0D500B79D25 /* Resources */,
			);
			buildRules = (
			);
			dependencies = (
			);
			name = tvTestApp;
			productName = tvTestApp;
			productReference = 96A84A551D0DF0D500B79D25 /* tvTestApp.app */;
			productType = "com.apple.product-type.application";
		};
		96E9F6A61D0DD31F001588FF /* acextractTests */ = {
			isa = PBXNativeTarget;
			buildConfigurationList = 96E9F6B01D0DD320001588FF /* Build configuration list for PBXNativeTarget "acextractTests" */;
			buildPhases = (
				96E9F6A31D0DD31F001588FF /* Sources */,
				96E9F6A41D0DD31F001588FF /* Frameworks */,
				96E9F6A51D0DD31F001588FF /* Resources */,
			);
			buildRules = (
			);
			dependencies = (
			);
			name = acextractTests;
			productName = acextractTests;
			productReference = 96E9F6A71D0DD31F001588FF /* acextractTests.xctest */;
			productType = "com.apple.product-type.bundle.unit-test";
		};
/* End PBXNativeTarget section */

/* Begin PBXProject section */
		966A502A1A3DEBE0002C814F /* Project object */ = {
			isa = PBXProject;
			attributes = {
				LastSwiftMigration = 0730;
				LastSwiftUpdateCheck = 0730;
				LastUpgradeCheck = 1020;
				ORGANIZATIONNAME = "Bartosz Janda";
				TargetAttributes = {
					961DEFDD1D0DDD2F002AD0CC = {
						CreatedOnToolsVersion = 7.3.1;
					};
					961DEFE91D0DDD2F002AD0CC = {
						CreatedOnToolsVersion = 7.3.1;
					};
					966A50311A3DEBE0002C814F = {
						CreatedOnToolsVersion = 6.1.1;
					};
					968FAABE1A48C1500083A943 = {
						CreatedOnToolsVersion = 6.1.1;
					};
					968FAAE61A48C16E0083A943 = {
						CreatedOnToolsVersion = 6.1.1;
					};
					96A84A541D0DF0D500B79D25 = {
						CreatedOnToolsVersion = 7.3.1;
					};
					96E9F6A61D0DD31F001588FF = {
						CreatedOnToolsVersion = 7.3.1;
					};
				};
			};
			buildConfigurationList = 966A502D1A3DEBE0002C814F /* Build configuration list for PBXProject "acextract" */;
			compatibilityVersion = "Xcode 3.2";
			developmentRegion = en;
			hasScannedForEncodings = 0;
			knownRegions = (
				en,
				Base,
			);
			mainGroup = 966A50291A3DEBE0002C814F;
			productRefGroup = 966A50331A3DEBE0002C814F /* Products */;
			projectDirPath = "";
			projectReferences = (
				{
					ProductGroup = 960CEF871A3F7BF700F0B156 /* Products */;
					ProjectRef = 960CEF861A3F7BF700F0B156 /* CommandLine.xcodeproj */;
				},
			);
			projectRoot = "";
			targets = (
				966A50311A3DEBE0002C814F /* acextract */,
				96E9F6A61D0DD31F001588FF /* acextractTests */,
				968FAABE1A48C1500083A943 /* iOSTestApp */,
				968FAAE61A48C16E0083A943 /* macTestApp */,
				96A84A541D0DF0D500B79D25 /* tvTestApp */,
				961DEFDD1D0DDD2F002AD0CC /* watchTestApp */,
				961DEFE91D0DDD2F002AD0CC /* watchTestApp Extension */,
			);
		};
/* End PBXProject section */

/* Begin PBXReferenceProxy section */
		960CEF8C1A3F7BF700F0B156 /* CommandLine.framework */ = {
			isa = PBXReferenceProxy;
			fileType = wrapper.framework;
			path = CommandLine.framework;
			remoteRef = 960CEF8B1A3F7BF700F0B156 /* PBXContainerItemProxy */;
			sourceTree = BUILT_PRODUCTS_DIR;
		};
		960CEF8E1A3F7BF700F0B156 /* CommandLineTests.xctest */ = {
			isa = PBXReferenceProxy;
			fileType = wrapper.cfbundle;
			path = CommandLineTests.xctest;
			remoteRef = 960CEF8D1A3F7BF700F0B156 /* PBXContainerItemProxy */;
			sourceTree = BUILT_PRODUCTS_DIR;
		};
/* End PBXReferenceProxy section */

/* Begin PBXResourcesBuildPhase section */
		961DEFDC1D0DDD2F002AD0CC /* Resources */ = {
			isa = PBXResourcesBuildPhase;
			buildActionMask = 2147483647;
			files = (
				961DF0001D0DDDFD002AD0CC /* Images.xcassets in Resources */,
				961DEFE41D0DDD2F002AD0CC /* Assets.xcassets in Resources */,
				961DEFE21D0DDD2F002AD0CC /* Interface.storyboard in Resources */,
			);
			runOnlyForDeploymentPostprocessing = 0;
		};
		961DEFE81D0DDD2F002AD0CC /* Resources */ = {
			isa = PBXResourcesBuildPhase;
			buildActionMask = 2147483647;
			files = (
				961DEFF41D0DDD2F002AD0CC /* Assets.xcassets in Resources */,
				961DF0011D0DDDFE002AD0CC /* Images.xcassets in Resources */,
			);
			runOnlyForDeploymentPostprocessing = 0;
		};
		968FAABD1A48C1500083A943 /* Resources */ = {
			isa = PBXResourcesBuildPhase;
			buildActionMask = 2147483647;
			files = (
				9625C14B1A48C24A00EE5162 /* Images.xcassets in Resources */,
				968FAAC91A48C1500083A943 /* Main.storyboard in Resources */,
				968FAACE1A48C1500083A943 /* LaunchScreen.xib in Resources */,
			);
			runOnlyForDeploymentPostprocessing = 0;
		};
		968FAAE51A48C16E0083A943 /* Resources */ = {
			isa = PBXResourcesBuildPhase;
			buildActionMask = 2147483647;
			files = (
				968FAAF31A48C16E0083A943 /* Main.storyboard in Resources */,
				9625C14C1A48C24A00EE5162 /* Images.xcassets in Resources */,
			);
			runOnlyForDeploymentPostprocessing = 0;
		};
		96A84A531D0DF0D500B79D25 /* Resources */ = {
			isa = PBXResourcesBuildPhase;
			buildActionMask = 2147483647;
			files = (
				96A84A661D0DF0EF00B79D25 /* Images.xcassets in Resources */,
				96A84A5F1D0DF0D500B79D25 /* Assets.xcassets in Resources */,
				96A84A5D1D0DF0D500B79D25 /* Main.storyboard in Resources */,
			);
			runOnlyForDeploymentPostprocessing = 0;
		};
		96E9F6A51D0DD31F001588FF /* Resources */ = {
			isa = PBXResourcesBuildPhase;
			buildActionMask = 2147483647;
			files = (
				96856B8A1D0DE62F0053B1B8 /* data in Resources */,
			);
			runOnlyForDeploymentPostprocessing = 0;
		};
/* End PBXResourcesBuildPhase section */

/* Begin PBXShellScriptBuildPhase section */
		96F446691D15DBF500F30964 /* SwiftLint */ = {
			isa = PBXShellScriptBuildPhase;
			buildActionMask = 2147483647;
			files = (
			);
			inputPaths = (
			);
			name = SwiftLint;
			outputPaths = (
			);
			runOnlyForDeploymentPostprocessing = 0;
			shellPath = /bin/sh;
			shellScript = "if which swiftlint >/dev/null; then\n    swiftlint\nelse\n    echo \"warning: SwiftLint not installed, download from https://github.com/realm/SwiftLint\"\nfi";
		};
/* End PBXShellScriptBuildPhase section */

/* Begin PBXSourcesBuildPhase section */
		961DEFE61D0DDD2F002AD0CC /* Sources */ = {
			isa = PBXSourcesBuildPhase;
			buildActionMask = 2147483647;
			files = (
				961DEFF21D0DDD2F002AD0CC /* ExtensionDelegate.swift in Sources */,
				961DEFF01D0DDD2F002AD0CC /* InterfaceController.swift in Sources */,
			);
			runOnlyForDeploymentPostprocessing = 0;
		};
		966A502E1A3DEBE0002C814F /* Sources */ = {
			isa = PBXSourcesBuildPhase;
			buildActionMask = 2147483647;
			files = (
				960CEF971A3F828B00F0B156 /* ImageSet.swift in Sources */,
				960CEF951A3F7C2C00F0B156 /* StringExtensions.swift in Sources */,
				960594231D19D96C00325995 /* PrintInformationOperation.swift in Sources */,
				966A50361A3DEBE0002C814F /* main.swift in Sources */,
				960CEF941A3F7C2C00F0B156 /* Option.swift in Sources */,
				9603F7561D1719A4005EFB46 /* Operation.swift in Sources */,
				966A504F1A3DF14C002C814F /* AssetsCatalog.swift in Sources */,
				960CEF931A3F7C2C00F0B156 /* CommandLineTool.swift in Sources */,
				96F49FCD1A40C2E700F54148 /* CoreUI_Swift.swift in Sources */,
			);
			runOnlyForDeploymentPostprocessing = 0;
		};
		968FAABB1A48C1500083A943 /* Sources */ = {
			isa = PBXSourcesBuildPhase;
			buildActionMask = 2147483647;
			files = (
				968FAAC61A48C1500083A943 /* ViewController.swift in Sources */,
				968FAAC41A48C1500083A943 /* AppDelegate.swift in Sources */,
			);
			runOnlyForDeploymentPostprocessing = 0;
		};
		968FAAE31A48C16E0083A943 /* Sources */ = {
			isa = PBXSourcesBuildPhase;
			buildActionMask = 2147483647;
			files = (
				968FAAEE1A48C16E0083A943 /* ViewController.swift in Sources */,
				968FAAEC1A48C16E0083A943 /* AppDelegate.swift in Sources */,
			);
			runOnlyForDeploymentPostprocessing = 0;
		};
		96A84A511D0DF0D500B79D25 /* Sources */ = {
			isa = PBXSourcesBuildPhase;
			buildActionMask = 2147483647;
			files = (
				96A84A5A1D0DF0D500B79D25 /* ViewController.swift in Sources */,
				96A84A581D0DF0D500B79D25 /* AppDelegate.swift in Sources */,
			);
			runOnlyForDeploymentPostprocessing = 0;
		};
		96E9F6A31D0DD31F001588FF /* Sources */ = {
			isa = PBXSourcesBuildPhase;
			buildActionMask = 2147483647;
			files = (
				96E9F6B11D0DD450001588FF /* AssetsCatalog.swift in Sources */,
				96F52BFC1D1FFB89006CAD7B /* SizeClassTests.swift in Sources */,
				96E36DDB1D2472CB00985687 /* GraphicalClassTests.swift in Sources */,
				9603F7571D1719A4005EFB46 /* Operation.swift in Sources */,
				9669A6361D20332D0037654D /* TemplateRenderingTests.swift in Sources */,
				96E9F6AA1D0DD320001588FF /* AssetsCatalogTests.swift in Sources */,
				96E9F6B21D0DD454001588FF /* CoreUI_Swift.swift in Sources */,
				96E9F6B41D0DD45C001588FF /* ImageSet.swift in Sources */,
				96F446661D15DB7000F30964 /* DeviceTests.swift in Sources */,
				960594241D19D96C00325995 /* PrintInformationOperation.swift in Sources */,
				9673B97A1D205CE900F3C684 /* AlignmentTests.swift in Sources */,
				96D010831D173194000553B1 /* CorrectnessTests.swift in Sources */,
				9666CE251D21B363009C9402 /* SlicesTests.swift in Sources */,
				96CB28C51D29411C003B94BB /* MemoryClassTests.swift in Sources */,
				961427121D1F1186005831AA /* Assets.swift in Sources */,
			);
			runOnlyForDeploymentPostprocessing = 0;
		};
/* End PBXSourcesBuildPhase section */

/* Begin PBXTargetDependency section */
		961DEFED1D0DDD2F002AD0CC /* PBXTargetDependency */ = {
			isa = PBXTargetDependency;
			target = 961DEFE91D0DDD2F002AD0CC /* watchTestApp Extension */;
			targetProxy = 961DEFEC1D0DDD2F002AD0CC /* PBXContainerItemProxy */;
		};
		961DEFF71D0DDD2F002AD0CC /* PBXTargetDependency */ = {
			isa = PBXTargetDependency;
			target = 961DEFDD1D0DDD2F002AD0CC /* watchTestApp */;
			targetProxy = 961DEFF61D0DDD2F002AD0CC /* PBXContainerItemProxy */;
		};
/* End PBXTargetDependency section */

/* Begin PBXVariantGroup section */
		961DEFE01D0DDD2F002AD0CC /* Interface.storyboard */ = {
			isa = PBXVariantGroup;
			children = (
				961DEFE11D0DDD2F002AD0CC /* Base */,
			);
			name = Interface.storyboard;
			sourceTree = "<group>";
		};
		968FAAC71A48C1500083A943 /* Main.storyboard */ = {
			isa = PBXVariantGroup;
			children = (
				968FAAC81A48C1500083A943 /* Base */,
			);
			name = Main.storyboard;
			sourceTree = "<group>";
		};
		968FAACC1A48C1500083A943 /* LaunchScreen.xib */ = {
			isa = PBXVariantGroup;
			children = (
				968FAACD1A48C1500083A943 /* Base */,
			);
			name = LaunchScreen.xib;
			sourceTree = "<group>";
		};
		968FAAF11A48C16E0083A943 /* Main.storyboard */ = {
			isa = PBXVariantGroup;
			children = (
				968FAAF21A48C16E0083A943 /* Base */,
			);
			name = Main.storyboard;
			sourceTree = "<group>";
		};
		96A84A5B1D0DF0D500B79D25 /* Main.storyboard */ = {
			isa = PBXVariantGroup;
			children = (
				96A84A5C1D0DF0D500B79D25 /* Base */,
			);
			name = Main.storyboard;
			sourceTree = "<group>";
		};
/* End PBXVariantGroup section */

/* Begin XCBuildConfiguration section */
		961DEFFA1D0DDD2F002AD0CC /* Debug */ = {
			isa = XCBuildConfiguration;
			buildSettings = {
				CLANG_ANALYZER_NONNULL = YES;
				DEBUG_INFORMATION_FORMAT = dwarf;
				GCC_NO_COMMON_BLOCKS = YES;
				INFOPLIST_FILE = "watchTestApp Extension/Info.plist";
				LD_RUNPATH_SEARCH_PATHS = "$(inherited) @executable_path/Frameworks @executable_path/../../Frameworks";
				PRODUCT_BUNDLE_IDENTIFIER = com.bjanda.iOSTestApp.watchkitapp.watchkitextension;
				PRODUCT_NAME = "${TARGET_NAME}";
				SDKROOT = watchos;
				SKIP_INSTALL = YES;
				TARGETED_DEVICE_FAMILY = 4;
				WATCHOS_DEPLOYMENT_TARGET = 2.2;
			};
			name = Debug;
		};
		961DEFFB1D0DDD2F002AD0CC /* Release */ = {
			isa = XCBuildConfiguration;
			buildSettings = {
				CLANG_ANALYZER_NONNULL = YES;
				COPY_PHASE_STRIP = NO;
				GCC_NO_COMMON_BLOCKS = YES;
				INFOPLIST_FILE = "watchTestApp Extension/Info.plist";
				LD_RUNPATH_SEARCH_PATHS = "$(inherited) @executable_path/Frameworks @executable_path/../../Frameworks";
				PRODUCT_BUNDLE_IDENTIFIER = com.bjanda.iOSTestApp.watchkitapp.watchkitextension;
				PRODUCT_NAME = "${TARGET_NAME}";
				SDKROOT = watchos;
				SKIP_INSTALL = YES;
				TARGETED_DEVICE_FAMILY = 4;
				VALIDATE_PRODUCT = YES;
				WATCHOS_DEPLOYMENT_TARGET = 2.2;
			};
			name = Release;
		};
		961DEFFE1D0DDD2F002AD0CC /* Debug */ = {
			isa = XCBuildConfiguration;
			buildSettings = {
				ALWAYS_EMBED_SWIFT_STANDARD_LIBRARIES = YES;
				ASSETCATALOG_COMPILER_APPICON_NAME = AppIcon;
				CLANG_ANALYZER_NONNULL = YES;
				DEBUG_INFORMATION_FORMAT = dwarf;
				GCC_NO_COMMON_BLOCKS = YES;
				IBSC_MODULE = watchTestApp_Extension;
				INFOPLIST_FILE = watchTestApp/Info.plist;
				PRODUCT_BUNDLE_IDENTIFIER = com.bjanda.iOSTestApp.watchkitapp;
				PRODUCT_NAME = "$(TARGET_NAME)";
				SDKROOT = watchos;
				SKIP_INSTALL = YES;
				TARGETED_DEVICE_FAMILY = 4;
				WATCHOS_DEPLOYMENT_TARGET = 2.2;
			};
			name = Debug;
		};
		961DEFFF1D0DDD2F002AD0CC /* Release */ = {
			isa = XCBuildConfiguration;
			buildSettings = {
				ALWAYS_EMBED_SWIFT_STANDARD_LIBRARIES = YES;
				ASSETCATALOG_COMPILER_APPICON_NAME = AppIcon;
				CLANG_ANALYZER_NONNULL = YES;
				COPY_PHASE_STRIP = NO;
				GCC_NO_COMMON_BLOCKS = YES;
				IBSC_MODULE = watchTestApp_Extension;
				INFOPLIST_FILE = watchTestApp/Info.plist;
				PRODUCT_BUNDLE_IDENTIFIER = com.bjanda.iOSTestApp.watchkitapp;
				PRODUCT_NAME = "$(TARGET_NAME)";
				SDKROOT = watchos;
				SKIP_INSTALL = YES;
				TARGETED_DEVICE_FAMILY = 4;
				VALIDATE_PRODUCT = YES;
				WATCHOS_DEPLOYMENT_TARGET = 2.2;
			};
			name = Release;
		};
		966A50371A3DEBE0002C814F /* Debug */ = {
			isa = XCBuildConfiguration;
			buildSettings = {
				ALWAYS_SEARCH_USER_PATHS = NO;
				CLANG_CXX_LANGUAGE_STANDARD = "gnu++0x";
				CLANG_CXX_LIBRARY = "libc++";
				CLANG_ENABLE_MODULES = YES;
				CLANG_ENABLE_OBJC_ARC = YES;
				CLANG_WARN_BLOCK_CAPTURE_AUTORELEASING = YES;
				CLANG_WARN_BOOL_CONVERSION = YES;
				CLANG_WARN_COMMA = YES;
				CLANG_WARN_CONSTANT_CONVERSION = YES;
				CLANG_WARN_DEPRECATED_OBJC_IMPLEMENTATIONS = YES;
				CLANG_WARN_DIRECT_OBJC_ISA_USAGE = YES_ERROR;
				CLANG_WARN_EMPTY_BODY = YES;
				CLANG_WARN_ENUM_CONVERSION = YES;
				CLANG_WARN_INFINITE_RECURSION = YES;
				CLANG_WARN_INT_CONVERSION = YES;
				CLANG_WARN_NON_LITERAL_NULL_CONVERSION = YES;
				CLANG_WARN_OBJC_IMPLICIT_RETAIN_SELF = YES;
				CLANG_WARN_OBJC_LITERAL_CONVERSION = YES;
				CLANG_WARN_OBJC_ROOT_CLASS = YES_ERROR;
				CLANG_WARN_RANGE_LOOP_ANALYSIS = YES;
				CLANG_WARN_STRICT_PROTOTYPES = YES;
				CLANG_WARN_SUSPICIOUS_MOVE = YES;
				CLANG_WARN_UNREACHABLE_CODE = YES;
				CLANG_WARN__DUPLICATE_METHOD_MATCH = YES;
				COPY_PHASE_STRIP = NO;
				ENABLE_STRICT_OBJC_MSGSEND = YES;
				ENABLE_TESTABILITY = YES;
				GCC_C_LANGUAGE_STANDARD = gnu99;
				GCC_DYNAMIC_NO_PIC = NO;
				GCC_NO_COMMON_BLOCKS = YES;
				GCC_OPTIMIZATION_LEVEL = 0;
				GCC_PREPROCESSOR_DEFINITIONS = (
					"DEBUG=1",
					"$(inherited)",
				);
				GCC_SYMBOLS_PRIVATE_EXTERN = NO;
				GCC_WARN_64_TO_32_BIT_CONVERSION = YES;
				GCC_WARN_ABOUT_RETURN_TYPE = YES_ERROR;
				GCC_WARN_UNDECLARED_SELECTOR = YES;
				GCC_WARN_UNINITIALIZED_AUTOS = YES_AGGRESSIVE;
				GCC_WARN_UNUSED_FUNCTION = YES;
				GCC_WARN_UNUSED_VARIABLE = YES;
				IPHONEOS_DEPLOYMENT_TARGET = 10.0;
				MACOSX_DEPLOYMENT_TARGET = 10.12;
				MTL_ENABLE_DEBUG_INFO = YES;
				ONLY_ACTIVE_ARCH = YES;
				SDKROOT = macosx;
				SWIFT_OPTIMIZATION_LEVEL = "-Onone";
				SWIFT_VERSION = 4.0;
			};
			name = Debug;
		};
		966A50381A3DEBE0002C814F /* Release */ = {
			isa = XCBuildConfiguration;
			buildSettings = {
				ALWAYS_SEARCH_USER_PATHS = NO;
				CLANG_CXX_LANGUAGE_STANDARD = "gnu++0x";
				CLANG_CXX_LIBRARY = "libc++";
				CLANG_ENABLE_MODULES = YES;
				CLANG_ENABLE_OBJC_ARC = YES;
				CLANG_WARN_BLOCK_CAPTURE_AUTORELEASING = YES;
				CLANG_WARN_BOOL_CONVERSION = YES;
				CLANG_WARN_COMMA = YES;
				CLANG_WARN_CONSTANT_CONVERSION = YES;
				CLANG_WARN_DEPRECATED_OBJC_IMPLEMENTATIONS = YES;
				CLANG_WARN_DIRECT_OBJC_ISA_USAGE = YES_ERROR;
				CLANG_WARN_EMPTY_BODY = YES;
				CLANG_WARN_ENUM_CONVERSION = YES;
				CLANG_WARN_INFINITE_RECURSION = YES;
				CLANG_WARN_INT_CONVERSION = YES;
				CLANG_WARN_NON_LITERAL_NULL_CONVERSION = YES;
				CLANG_WARN_OBJC_IMPLICIT_RETAIN_SELF = YES;
				CLANG_WARN_OBJC_LITERAL_CONVERSION = YES;
				CLANG_WARN_OBJC_ROOT_CLASS = YES_ERROR;
				CLANG_WARN_RANGE_LOOP_ANALYSIS = YES;
				CLANG_WARN_STRICT_PROTOTYPES = YES;
				CLANG_WARN_SUSPICIOUS_MOVE = YES;
				CLANG_WARN_UNREACHABLE_CODE = YES;
				CLANG_WARN__DUPLICATE_METHOD_MATCH = YES;
				COPY_PHASE_STRIP = YES;
				DEBUG_INFORMATION_FORMAT = "dwarf-with-dsym";
				ENABLE_NS_ASSERTIONS = NO;
				ENABLE_STRICT_OBJC_MSGSEND = YES;
				GCC_C_LANGUAGE_STANDARD = gnu99;
				GCC_NO_COMMON_BLOCKS = YES;
				GCC_WARN_64_TO_32_BIT_CONVERSION = YES;
				GCC_WARN_ABOUT_RETURN_TYPE = YES_ERROR;
				GCC_WARN_UNDECLARED_SELECTOR = YES;
				GCC_WARN_UNINITIALIZED_AUTOS = YES_AGGRESSIVE;
				GCC_WARN_UNUSED_FUNCTION = YES;
				GCC_WARN_UNUSED_VARIABLE = YES;
				IPHONEOS_DEPLOYMENT_TARGET = 10.0;
				MACOSX_DEPLOYMENT_TARGET = 10.12;
				MTL_ENABLE_DEBUG_INFO = NO;
				SDKROOT = macosx;
				SWIFT_COMPILATION_MODE = wholemodule;
				SWIFT_VERSION = 4.0;
			};
			name = Release;
		};
		966A503A1A3DEBE0002C814F /* Debug */ = {
			isa = XCBuildConfiguration;
			buildSettings = {
				FRAMEWORK_SEARCH_PATHS = (
					"$(inherited)",
					"$(SYSTEM_LIBRARY_DIR)/PrivateFrameworks",
				);
				PRODUCT_NAME = "$(TARGET_NAME)";
				SWIFT_OBJC_BRIDGING_HEADER = "acextract/acextract-Bridging-Header.h";
			};
			name = Debug;
		};
		966A503B1A3DEBE0002C814F /* Release */ = {
			isa = XCBuildConfiguration;
			buildSettings = {
				FRAMEWORK_SEARCH_PATHS = (
					"$(inherited)",
					"$(SYSTEM_LIBRARY_DIR)/PrivateFrameworks",
				);
				PRODUCT_NAME = "$(TARGET_NAME)";
				SWIFT_OBJC_BRIDGING_HEADER = "acextract/acextract-Bridging-Header.h";
			};
			name = Release;
		};
		968FAADB1A48C1500083A943 /* Debug */ = {
			isa = XCBuildConfiguration;
			buildSettings = {
				ALWAYS_EMBED_SWIFT_STANDARD_LIBRARIES = YES;
				CODE_SIGN_IDENTITY = "iPhone Developer";
				GCC_PREPROCESSOR_DEFINITIONS = (
					"DEBUG=1",
					"$(inherited)",
				);
				INFOPLIST_FILE = iOSTestApp/Info.plist;
				LD_RUNPATH_SEARCH_PATHS = "$(inherited) @executable_path/Frameworks";
				PRODUCT_BUNDLE_IDENTIFIER = "com.bjanda.$(PRODUCT_NAME:rfc1034identifier)";
				PRODUCT_NAME = "$(TARGET_NAME)";
				SDKROOT = iphoneos;
				TARGETED_DEVICE_FAMILY = "1,2";
			};
			name = Debug;
		};
		968FAADC1A48C1500083A943 /* Release */ = {
			isa = XCBuildConfiguration;
			buildSettings = {
				ALWAYS_EMBED_SWIFT_STANDARD_LIBRARIES = YES;
				CODE_SIGN_IDENTITY = "iPhone Developer";
				INFOPLIST_FILE = iOSTestApp/Info.plist;
				LD_RUNPATH_SEARCH_PATHS = "$(inherited) @executable_path/Frameworks";
				PRODUCT_BUNDLE_IDENTIFIER = "com.bjanda.$(PRODUCT_NAME:rfc1034identifier)";
				PRODUCT_NAME = "$(TARGET_NAME)";
				SDKROOT = iphoneos;
				TARGETED_DEVICE_FAMILY = "1,2";
				VALIDATE_PRODUCT = YES;
			};
			name = Release;
		};
		968FAB011A48C16E0083A943 /* Debug */ = {
			isa = XCBuildConfiguration;
			buildSettings = {
				CODE_SIGN_IDENTITY = "-";
				COMBINE_HIDPI_IMAGES = YES;
				GCC_PREPROCESSOR_DEFINITIONS = (
					"DEBUG=1",
					"$(inherited)",
				);
				INFOPLIST_FILE = macTestApp/Info.plist;
				LD_RUNPATH_SEARCH_PATHS = "$(inherited) @executable_path/../Frameworks";
				PRODUCT_BUNDLE_IDENTIFIER = "com.bjanda.$(PRODUCT_NAME:rfc1034identifier)";
				PRODUCT_NAME = "$(TARGET_NAME)";
			};
			name = Debug;
		};
		968FAB021A48C16E0083A943 /* Release */ = {
			isa = XCBuildConfiguration;
			buildSettings = {
				CODE_SIGN_IDENTITY = "-";
				COMBINE_HIDPI_IMAGES = YES;
				INFOPLIST_FILE = macTestApp/Info.plist;
				LD_RUNPATH_SEARCH_PATHS = "$(inherited) @executable_path/../Frameworks";
				PRODUCT_BUNDLE_IDENTIFIER = "com.bjanda.$(PRODUCT_NAME:rfc1034identifier)";
				PRODUCT_NAME = "$(TARGET_NAME)";
			};
			name = Release;
		};
		96A84A611D0DF0D500B79D25 /* Debug */ = {
			isa = XCBuildConfiguration;
			buildSettings = {
				ASSETCATALOG_COMPILER_APPICON_NAME = "App Icon & Top Shelf Image";
				ASSETCATALOG_COMPILER_LAUNCHIMAGE_NAME = LaunchImage;
				CLANG_ANALYZER_NONNULL = YES;
				CODE_SIGN_IDENTITY = "iPhone Developer";
				DEBUG_INFORMATION_FORMAT = dwarf;
				GCC_NO_COMMON_BLOCKS = YES;
				INFOPLIST_FILE = tvTestApp/Info.plist;
				LD_RUNPATH_SEARCH_PATHS = "$(inherited) @executable_path/Frameworks";
				PRODUCT_BUNDLE_IDENTIFIER = com.bjanda.tvTestApp;
				PRODUCT_NAME = "$(TARGET_NAME)";
				SDKROOT = appletvos;
				TARGETED_DEVICE_FAMILY = 3;
			};
			name = Debug;
		};
		96A84A621D0DF0D500B79D25 /* Release */ = {
			isa = XCBuildConfiguration;
			buildSettings = {
				ASSETCATALOG_COMPILER_APPICON_NAME = "App Icon & Top Shelf Image";
				ASSETCATALOG_COMPILER_LAUNCHIMAGE_NAME = LaunchImage;
				CLANG_ANALYZER_NONNULL = YES;
				CODE_SIGN_IDENTITY = "iPhone Developer";
				COPY_PHASE_STRIP = NO;
				GCC_NO_COMMON_BLOCKS = YES;
				INFOPLIST_FILE = tvTestApp/Info.plist;
				LD_RUNPATH_SEARCH_PATHS = "$(inherited) @executable_path/Frameworks";
				PRODUCT_BUNDLE_IDENTIFIER = com.bjanda.tvTestApp;
				PRODUCT_NAME = "$(TARGET_NAME)";
				SDKROOT = appletvos;
				TARGETED_DEVICE_FAMILY = 3;
				VALIDATE_PRODUCT = YES;
			};
			name = Release;
		};
		96E9F6AC1D0DD320001588FF /* Debug */ = {
			isa = XCBuildConfiguration;
			buildSettings = {
				CLANG_ANALYZER_NONNULL = YES;
				CODE_SIGN_IDENTITY = "-";
				COMBINE_HIDPI_IMAGES = YES;
				DEBUG_INFORMATION_FORMAT = dwarf;
				FRAMEWORK_SEARCH_PATHS = (
					"$(inherited)",
					"$(SYSTEM_LIBRARY_DIR)/PrivateFrameworks",
				);
				GCC_NO_COMMON_BLOCKS = YES;
				INFOPLIST_FILE = acextractTests/Info.plist;
				LD_RUNPATH_SEARCH_PATHS = "$(inherited) @executable_path/../Frameworks @loader_path/../Frameworks";
				MACOSX_DEPLOYMENT_TARGET = 10.11;
				PRODUCT_BUNDLE_IDENTIFIER = com.bjanda.acextractTests;
				PRODUCT_NAME = "$(TARGET_NAME)";
				SWIFT_OBJC_BRIDGING_HEADER = "acextractTests/acextractTests-Bridging-Header.h";
			};
			name = Debug;
		};
		96E9F6AD1D0DD320001588FF /* Release */ = {
			isa = XCBuildConfiguration;
			buildSettings = {
				CLANG_ANALYZER_NONNULL = YES;
				CODE_SIGN_IDENTITY = "-";
				COMBINE_HIDPI_IMAGES = YES;
				COPY_PHASE_STRIP = NO;
				FRAMEWORK_SEARCH_PATHS = (
					"$(inherited)",
					"$(SYSTEM_LIBRARY_DIR)/PrivateFrameworks",
				);
				GCC_NO_COMMON_BLOCKS = YES;
				INFOPLIST_FILE = acextractTests/Info.plist;
				LD_RUNPATH_SEARCH_PATHS = "$(inherited) @executable_path/../Frameworks @loader_path/../Frameworks";
				MACOSX_DEPLOYMENT_TARGET = 10.11;
				PRODUCT_BUNDLE_IDENTIFIER = com.bjanda.acextractTests;
				PRODUCT_NAME = "$(TARGET_NAME)";
				SWIFT_OBJC_BRIDGING_HEADER = "acextractTests/acextractTests-Bridging-Header.h";
			};
			name = Release;
		};
/* End XCBuildConfiguration section */

/* Begin XCConfigurationList section */
		961DEFF91D0DDD2F002AD0CC /* Build configuration list for PBXNativeTarget "watchTestApp Extension" */ = {
			isa = XCConfigurationList;
			buildConfigurations = (
				961DEFFA1D0DDD2F002AD0CC /* Debug */,
				961DEFFB1D0DDD2F002AD0CC /* Release */,
			);
			defaultConfigurationIsVisible = 0;
			defaultConfigurationName = Release;
		};
		961DEFFD1D0DDD2F002AD0CC /* Build configuration list for PBXNativeTarget "watchTestApp" */ = {
			isa = XCConfigurationList;
			buildConfigurations = (
				961DEFFE1D0DDD2F002AD0CC /* Debug */,
				961DEFFF1D0DDD2F002AD0CC /* Release */,
			);
			defaultConfigurationIsVisible = 0;
			defaultConfigurationName = Release;
		};
		966A502D1A3DEBE0002C814F /* Build configuration list for PBXProject "acextract" */ = {
			isa = XCConfigurationList;
			buildConfigurations = (
				966A50371A3DEBE0002C814F /* Debug */,
				966A50381A3DEBE0002C814F /* Release */,
			);
			defaultConfigurationIsVisible = 0;
			defaultConfigurationName = Release;
		};
		966A50391A3DEBE0002C814F /* Build configuration list for PBXNativeTarget "acextract" */ = {
			isa = XCConfigurationList;
			buildConfigurations = (
				966A503A1A3DEBE0002C814F /* Debug */,
				966A503B1A3DEBE0002C814F /* Release */,
			);
			defaultConfigurationIsVisible = 0;
			defaultConfigurationName = Release;
		};
		968FAAE11A48C1500083A943 /* Build configuration list for PBXNativeTarget "iOSTestApp" */ = {
			isa = XCConfigurationList;
			buildConfigurations = (
				968FAADB1A48C1500083A943 /* Debug */,
				968FAADC1A48C1500083A943 /* Release */,
			);
			defaultConfigurationIsVisible = 0;
			defaultConfigurationName = Release;
		};
		968FAB001A48C16E0083A943 /* Build configuration list for PBXNativeTarget "macTestApp" */ = {
			isa = XCConfigurationList;
			buildConfigurations = (
				968FAB011A48C16E0083A943 /* Debug */,
				968FAB021A48C16E0083A943 /* Release */,
			);
			defaultConfigurationIsVisible = 0;
			defaultConfigurationName = Release;
		};
		96A84A651D0DF0D500B79D25 /* Build configuration list for PBXNativeTarget "tvTestApp" */ = {
			isa = XCConfigurationList;
			buildConfigurations = (
				96A84A611D0DF0D500B79D25 /* Debug */,
				96A84A621D0DF0D500B79D25 /* Release */,
			);
			defaultConfigurationIsVisible = 0;
			defaultConfigurationName = Release;
		};
		96E9F6B01D0DD320001588FF /* Build configuration list for PBXNativeTarget "acextractTests" */ = {
			isa = XCConfigurationList;
			buildConfigurations = (
				96E9F6AC1D0DD320001588FF /* Debug */,
				96E9F6AD1D0DD320001588FF /* Release */,
			);
			defaultConfigurationIsVisible = 0;
			defaultConfigurationName = Release;
		};
/* End XCConfigurationList section */
	};
	rootObject = 966A502A1A3DEBE0002C814F /* Project object */;
}
