// !$*UTF8*$!
{
	archiveVersion = 1;
	classes = {
	};
	objectVersion = 46;
	objects = {

/* Begin PBXBuildFile section */
		960CEF931A3F7C2C00F0B156 /* CommandLine.swift in Sources */ = {isa = PBXBuildFile; fileRef = 960CEF901A3F7C2C00F0B156 /* CommandLine.swift */; };
		960CEF941A3F7C2C00F0B156 /* Option.swift in Sources */ = {isa = PBXBuildFile; fileRef = 960CEF911A3F7C2C00F0B156 /* Option.swift */; };
		960CEF951A3F7C2C00F0B156 /* StringExtensions.swift in Sources */ = {isa = PBXBuildFile; fileRef = 960CEF921A3F7C2C00F0B156 /* StringExtensions.swift */; };
		960CEF971A3F828B00F0B156 /* ImageSet.swift in Sources */ = {isa = PBXBuildFile; fileRef = 960CEF961A3F828B00F0B156 /* ImageSet.swift */; };
		9625C14B1A48C24A00EE5162 /* Images.xcassets in Resources */ = {isa = PBXBuildFile; fileRef = 9625C14A1A48C24A00EE5162 /* Images.xcassets */; };
		9625C14C1A48C24A00EE5162 /* Images.xcassets in Resources */ = {isa = PBXBuildFile; fileRef = 9625C14A1A48C24A00EE5162 /* Images.xcassets */; };
		966A50361A3DEBE0002C814F /* main.swift in Sources */ = {isa = PBXBuildFile; fileRef = 966A50351A3DEBE0002C814F /* main.swift */; };
		966A504F1A3DF14C002C814F /* AssetsCatalog.swift in Sources */ = {isa = PBXBuildFile; fileRef = 966A504E1A3DF14C002C814F /* AssetsCatalog.swift */; };
		966A50521A3E13B2002C814F /* CoreUI.framework in Frameworks */ = {isa = PBXBuildFile; fileRef = 966A50511A3E13B2002C814F /* CoreUI.framework */; };
		966E3CBF1A4769B300F45574 /* CoreUI.m in Sources */ = {isa = PBXBuildFile; fileRef = 966E3CBE1A4769B300F45574 /* CoreUI.m */; };
		967178D31A497C0E00A2490F /* InterfaceController.swift in Sources */ = {isa = PBXBuildFile; fileRef = 967178D21A497C0E00A2490F /* InterfaceController.swift */; };
		967178D51A497C0E00A2490F /* NotificationController.swift in Sources */ = {isa = PBXBuildFile; fileRef = 967178D41A497C0E00A2490F /* NotificationController.swift */; };
		967178D71A497C0E00A2490F /* Images.xcassets in Resources */ = {isa = PBXBuildFile; fileRef = 967178D61A497C0E00A2490F /* Images.xcassets */; };
		967178DB1A497C0F00A2490F /* iOSTestApp WatchKit App.app in Resources */ = {isa = PBXBuildFile; fileRef = 967178DA1A497C0E00A2490F /* iOSTestApp WatchKit App.app */; };
		967178E31A497C0F00A2490F /* Interface.storyboard in Resources */ = {isa = PBXBuildFile; fileRef = 967178E11A497C0F00A2490F /* Interface.storyboard */; };
		967178E51A497C0F00A2490F /* Images.xcassets in Resources */ = {isa = PBXBuildFile; fileRef = 967178E41A497C0F00A2490F /* Images.xcassets */; };
		967178E81A497C0F00A2490F /* iOSTestApp WatchKit Extension.appex in Embed App Extensions */ = {isa = PBXBuildFile; fileRef = 967178CD1A497C0E00A2490F /* iOSTestApp WatchKit Extension.appex */; settings = {ATTRIBUTES = (RemoveHeadersOnCopy, ); }; };
		967178F21A497CCD00A2490F /* Images.xcassets in Resources */ = {isa = PBXBuildFile; fileRef = 9625C14A1A48C24A00EE5162 /* Images.xcassets */; };
		967178F31A497CCE00A2490F /* Images.xcassets in Resources */ = {isa = PBXBuildFile; fileRef = 9625C14A1A48C24A00EE5162 /* Images.xcassets */; };
		968FAAC41A48C1500083A943 /* AppDelegate.swift in Sources */ = {isa = PBXBuildFile; fileRef = 968FAAC31A48C1500083A943 /* AppDelegate.swift */; };
		968FAAC61A48C1500083A943 /* ViewController.swift in Sources */ = {isa = PBXBuildFile; fileRef = 968FAAC51A48C1500083A943 /* ViewController.swift */; };
		968FAAC91A48C1500083A943 /* Main.storyboard in Resources */ = {isa = PBXBuildFile; fileRef = 968FAAC71A48C1500083A943 /* Main.storyboard */; };
		968FAACE1A48C1500083A943 /* LaunchScreen.xib in Resources */ = {isa = PBXBuildFile; fileRef = 968FAACC1A48C1500083A943 /* LaunchScreen.xib */; };
		968FAAEC1A48C16E0083A943 /* AppDelegate.swift in Sources */ = {isa = PBXBuildFile; fileRef = 968FAAEB1A48C16E0083A943 /* AppDelegate.swift */; };
		968FAAEE1A48C16E0083A943 /* ViewController.swift in Sources */ = {isa = PBXBuildFile; fileRef = 968FAAED1A48C16E0083A943 /* ViewController.swift */; };
		968FAAF31A48C16E0083A943 /* Main.storyboard in Resources */ = {isa = PBXBuildFile; fileRef = 968FAAF11A48C16E0083A943 /* Main.storyboard */; };
		96F49FCD1A40C2E700F54148 /* CoreUI_Swift.swift in Sources */ = {isa = PBXBuildFile; fileRef = 96F49FCC1A40C2E700F54148 /* CoreUI_Swift.swift */; };
/* End PBXBuildFile section */

/* Begin PBXContainerItemProxy section */
		960CEF8B1A3F7BF700F0B156 /* PBXContainerItemProxy */ = {
			isa = PBXContainerItemProxy;
			containerPortal = 960CEF861A3F7BF700F0B156 /* CommandLine.xcodeproj */;
			proxyType = 2;
			remoteGlobalIDString = 5D06884319674D7D00BBFAAC;
			remoteInfo = CommandLine;
		};
		960CEF8D1A3F7BF700F0B156 /* PBXContainerItemProxy */ = {
			isa = PBXContainerItemProxy;
			containerPortal = 960CEF861A3F7BF700F0B156 /* CommandLine.xcodeproj */;
			proxyType = 2;
			remoteGlobalIDString = 5D06884E19674D7D00BBFAAC;
			remoteInfo = CommandLineTests;
		};
		967178DC1A497C0F00A2490F /* PBXContainerItemProxy */ = {
			isa = PBXContainerItemProxy;
			containerPortal = 966A502A1A3DEBE0002C814F /* Project object */;
			proxyType = 1;
			remoteGlobalIDString = 967178D91A497C0E00A2490F;
			remoteInfo = "iOSTestApp WatchKit App";
		};
		967178E61A497C0F00A2490F /* PBXContainerItemProxy */ = {
			isa = PBXContainerItemProxy;
			containerPortal = 966A502A1A3DEBE0002C814F /* Project object */;
			proxyType = 1;
			remoteGlobalIDString = 967178CC1A497C0E00A2490F;
			remoteInfo = "iOSTestApp WatchKit Extension";
		};
/* End PBXContainerItemProxy section */

/* Begin PBXCopyFilesBuildPhase section */
		966A50301A3DEBE0002C814F /* CopyFiles */ = {
			isa = PBXCopyFilesBuildPhase;
			buildActionMask = 2147483647;
			dstPath = /usr/share/man/man1/;
			dstSubfolderSpec = 0;
			files = (
			);
			runOnlyForDeploymentPostprocessing = 1;
		};
		967178F11A497C0F00A2490F /* Embed App Extensions */ = {
			isa = PBXCopyFilesBuildPhase;
			buildActionMask = 2147483647;
			dstPath = "";
			dstSubfolderSpec = 13;
			files = (
				967178E81A497C0F00A2490F /* iOSTestApp WatchKit Extension.appex in Embed App Extensions */,
			);
			name = "Embed App Extensions";
			runOnlyForDeploymentPostprocessing = 0;
		};
/* End PBXCopyFilesBuildPhase section */

/* Begin PBXFileReference section */
		960CEF861A3F7BF700F0B156 /* CommandLine.xcodeproj */ = {isa = PBXFileReference; lastKnownFileType = "wrapper.pb-project"; name = CommandLine.xcodeproj; path = CommandLine/CommandLine.xcodeproj; sourceTree = "<group>"; };
		960CEF901A3F7C2C00F0B156 /* CommandLine.swift */ = {isa = PBXFileReference; fileEncoding = 4; lastKnownFileType = sourcecode.swift; name = CommandLine.swift; path = CommandLine/CommandLine/CommandLine.swift; sourceTree = SOURCE_ROOT; };
		960CEF911A3F7C2C00F0B156 /* Option.swift */ = {isa = PBXFileReference; fileEncoding = 4; lastKnownFileType = sourcecode.swift; name = Option.swift; path = CommandLine/CommandLine/Option.swift; sourceTree = SOURCE_ROOT; };
		960CEF921A3F7C2C00F0B156 /* StringExtensions.swift */ = {isa = PBXFileReference; fileEncoding = 4; lastKnownFileType = sourcecode.swift; name = StringExtensions.swift; path = CommandLine/CommandLine/StringExtensions.swift; sourceTree = SOURCE_ROOT; };
		960CEF961A3F828B00F0B156 /* ImageSet.swift */ = {isa = PBXFileReference; fileEncoding = 4; lastKnownFileType = sourcecode.swift; path = ImageSet.swift; sourceTree = "<group>"; };
		9625C14A1A48C24A00EE5162 /* Images.xcassets */ = {isa = PBXFileReference; lastKnownFileType = folder.assetcatalog; path = Images.xcassets; sourceTree = "<group>"; };
		966A50321A3DEBE0002C814F /* acextract */ = {isa = PBXFileReference; explicitFileType = "compiled.mach-o.executable"; includeInIndex = 0; path = acextract; sourceTree = BUILT_PRODUCTS_DIR; };
		966A50351A3DEBE0002C814F /* main.swift */ = {isa = PBXFileReference; lastKnownFileType = sourcecode.swift; path = main.swift; sourceTree = "<group>"; };
		966A503C1A3DEC0C002C814F /* acextract-Bridging-Header.h */ = {isa = PBXFileReference; fileEncoding = 4; lastKnownFileType = sourcecode.c.h; path = "acextract-Bridging-Header.h"; sourceTree = "<group>"; };
		966A504E1A3DF14C002C814F /* AssetsCatalog.swift */ = {isa = PBXFileReference; fileEncoding = 4; lastKnownFileType = sourcecode.swift; path = AssetsCatalog.swift; sourceTree = "<group>"; };
		966A50501A3E0E3F002C814F /* CoreUI.h */ = {isa = PBXFileReference; lastKnownFileType = sourcecode.c.h; path = CoreUI.h; sourceTree = "<group>"; };
		966A50511A3E13B2002C814F /* CoreUI.framework */ = {isa = PBXFileReference; lastKnownFileType = wrapper.framework; name = CoreUI.framework; path = /System/Library/PrivateFrameworks/CoreUI.framework; sourceTree = "<absolute>"; };
		966E3CBE1A4769B300F45574 /* CoreUI.m */ = {isa = PBXFileReference; fileEncoding = 4; lastKnownFileType = sourcecode.c.objc; path = CoreUI.m; sourceTree = "<group>"; };
		967178CD1A497C0E00A2490F /* iOSTestApp WatchKit Extension.appex */ = {isa = PBXFileReference; explicitFileType = "wrapper.app-extension"; includeInIndex = 0; path = "iOSTestApp WatchKit Extension.appex"; sourceTree = BUILT_PRODUCTS_DIR; };
		967178D01A497C0E00A2490F /* Info.plist */ = {isa = PBXFileReference; lastKnownFileType = text.plist.xml; path = Info.plist; sourceTree = "<group>"; };
		967178D11A497C0E00A2490F /* PushNotificationPayload.apns */ = {isa = PBXFileReference; lastKnownFileType = text; path = PushNotificationPayload.apns; sourceTree = "<group>"; };
		967178D21A497C0E00A2490F /* InterfaceController.swift */ = {isa = PBXFileReference; lastKnownFileType = sourcecode.swift; path = InterfaceController.swift; sourceTree = "<group>"; };
		967178D41A497C0E00A2490F /* NotificationController.swift */ = {isa = PBXFileReference; lastKnownFileType = sourcecode.swift; path = NotificationController.swift; sourceTree = "<group>"; };
		967178D61A497C0E00A2490F /* Images.xcassets */ = {isa = PBXFileReference; lastKnownFileType = folder.assetcatalog; path = Images.xcassets; sourceTree = "<group>"; };
		967178DA1A497C0E00A2490F /* iOSTestApp WatchKit App.app */ = {isa = PBXFileReference; explicitFileType = wrapper.application; includeInIndex = 0; path = "iOSTestApp WatchKit App.app"; sourceTree = BUILT_PRODUCTS_DIR; };
		967178E01A497C0F00A2490F /* Info.plist */ = {isa = PBXFileReference; lastKnownFileType = text.plist.xml; path = Info.plist; sourceTree = "<group>"; };
		967178E21A497C0F00A2490F /* Base */ = {isa = PBXFileReference; lastKnownFileType = file.storyboard; name = Base; path = Base.lproj/Interface.storyboard; sourceTree = "<group>"; };
		967178E41A497C0F00A2490F /* Images.xcassets */ = {isa = PBXFileReference; lastKnownFileType = folder.assetcatalog; path = Images.xcassets; sourceTree = "<group>"; };
		968FAABF1A48C1500083A943 /* iOSTestApp.app */ = {isa = PBXFileReference; explicitFileType = wrapper.application; includeInIndex = 0; path = iOSTestApp.app; sourceTree = BUILT_PRODUCTS_DIR; };
		968FAAC21A48C1500083A943 /* Info.plist */ = {isa = PBXFileReference; lastKnownFileType = text.plist.xml; path = Info.plist; sourceTree = "<group>"; };
		968FAAC31A48C1500083A943 /* AppDelegate.swift */ = {isa = PBXFileReference; lastKnownFileType = sourcecode.swift; path = AppDelegate.swift; sourceTree = "<group>"; };
		968FAAC51A48C1500083A943 /* ViewController.swift */ = {isa = PBXFileReference; lastKnownFileType = sourcecode.swift; path = ViewController.swift; sourceTree = "<group>"; };
		968FAAC81A48C1500083A943 /* Base */ = {isa = PBXFileReference; lastKnownFileType = file.storyboard; name = Base; path = Base.lproj/Main.storyboard; sourceTree = "<group>"; };
		968FAACD1A48C1500083A943 /* Base */ = {isa = PBXFileReference; lastKnownFileType = file.xib; name = Base; path = Base.lproj/LaunchScreen.xib; sourceTree = "<group>"; };
		968FAAE71A48C16E0083A943 /* MacTestApp.app */ = {isa = PBXFileReference; explicitFileType = wrapper.application; includeInIndex = 0; path = MacTestApp.app; sourceTree = BUILT_PRODUCTS_DIR; };
		968FAAEA1A48C16E0083A943 /* Info.plist */ = {isa = PBXFileReference; lastKnownFileType = text.plist.xml; path = Info.plist; sourceTree = "<group>"; };
		968FAAEB1A48C16E0083A943 /* AppDelegate.swift */ = {isa = PBXFileReference; lastKnownFileType = sourcecode.swift; path = AppDelegate.swift; sourceTree = "<group>"; };
		968FAAED1A48C16E0083A943 /* ViewController.swift */ = {isa = PBXFileReference; lastKnownFileType = sourcecode.swift; path = ViewController.swift; sourceTree = "<group>"; };
		968FAAF21A48C16E0083A943 /* Base */ = {isa = PBXFileReference; lastKnownFileType = file.storyboard; name = Base; path = Base.lproj/Main.storyboard; sourceTree = "<group>"; };
		96F49FCC1A40C2E700F54148 /* CoreUI_Swift.swift */ = {isa = PBXFileReference; fileEncoding = 4; lastKnownFileType = sourcecode.swift; path = CoreUI_Swift.swift; sourceTree = "<group>"; };
/* End PBXFileReference section */

/* Begin PBXFrameworksBuildPhase section */
		966A502F1A3DEBE0002C814F /* Frameworks */ = {
			isa = PBXFrameworksBuildPhase;
			buildActionMask = 2147483647;
			files = (
				966A50521A3E13B2002C814F /* CoreUI.framework in Frameworks */,
			);
			runOnlyForDeploymentPostprocessing = 0;
		};
		967178CA1A497C0E00A2490F /* Frameworks */ = {
			isa = PBXFrameworksBuildPhase;
			buildActionMask = 2147483647;
			files = (
			);
			runOnlyForDeploymentPostprocessing = 0;
		};
		968FAABC1A48C1500083A943 /* Frameworks */ = {
			isa = PBXFrameworksBuildPhase;
			buildActionMask = 2147483647;
			files = (
			);
			runOnlyForDeploymentPostprocessing = 0;
		};
		968FAAE41A48C16E0083A943 /* Frameworks */ = {
			isa = PBXFrameworksBuildPhase;
			buildActionMask = 2147483647;
			files = (
			);
			runOnlyForDeploymentPostprocessing = 0;
		};
/* End PBXFrameworksBuildPhase section */

/* Begin PBXGroup section */
		960CEF851A3F7BEB00F0B156 /* Frameworks */ = {
			isa = PBXGroup;
			children = (
				966A50511A3E13B2002C814F /* CoreUI.framework */,
			);
			name = Frameworks;
			sourceTree = "<group>";
		};
		960CEF871A3F7BF700F0B156 /* Products */ = {
			isa = PBXGroup;
			children = (
				960CEF8C1A3F7BF700F0B156 /* CommandLine.framework */,
				960CEF8E1A3F7BF700F0B156 /* CommandLineTests.xctest */,
			);
			name = Products;
			sourceTree = "<group>";
		};
		960CEF8F1A3F7C2000F0B156 /* CommandLine */ = {
			isa = PBXGroup;
			children = (
				960CEF901A3F7C2C00F0B156 /* CommandLine.swift */,
				960CEF911A3F7C2C00F0B156 /* Option.swift */,
				960CEF921A3F7C2C00F0B156 /* StringExtensions.swift */,
			);
			name = CommandLine;
			sourceTree = "<group>";
		};
		966A50291A3DEBE0002C814F = {
			isa = PBXGroup;
			children = (
				9625C14A1A48C24A00EE5162 /* Images.xcassets */,
				966A50341A3DEBE0002C814F /* acextract */,
				968FAAC01A48C1500083A943 /* iOSTestApp */,
				968FAAE81A48C16E0083A943 /* MacTestApp */,
				967178CE1A497C0E00A2490F /* iOSTestApp WatchKit Extension */,
				967178DE1A497C0F00A2490F /* iOSTestApp WatchKit App */,
				960CEF851A3F7BEB00F0B156 /* Frameworks */,
				966A50331A3DEBE0002C814F /* Products */,
				960CEF861A3F7BF700F0B156 /* CommandLine.xcodeproj */,
			);
			sourceTree = "<group>";
		};
		966A50331A3DEBE0002C814F /* Products */ = {
			isa = PBXGroup;
			children = (
				966A50321A3DEBE0002C814F /* acextract */,
				968FAABF1A48C1500083A943 /* iOSTestApp.app */,
				968FAAE71A48C16E0083A943 /* MacTestApp.app */,
				967178CD1A497C0E00A2490F /* iOSTestApp WatchKit Extension.appex */,
				967178DA1A497C0E00A2490F /* iOSTestApp WatchKit App.app */,
			);
			name = Products;
			sourceTree = "<group>";
		};
		966A50341A3DEBE0002C814F /* acextract */ = {
			isa = PBXGroup;
			children = (
				966A503C1A3DEC0C002C814F /* acextract-Bridging-Header.h */,
				966A504E1A3DF14C002C814F /* AssetsCatalog.swift */,
				960CEF8F1A3F7C2000F0B156 /* CommandLine */,
				96F49FCC1A40C2E700F54148 /* CoreUI_Swift.swift */,
				966A50501A3E0E3F002C814F /* CoreUI.h */,
				966E3CBE1A4769B300F45574 /* CoreUI.m */,
				960CEF961A3F828B00F0B156 /* ImageSet.swift */,
				966A50351A3DEBE0002C814F /* main.swift */,
			);
			path = acextract;
			sourceTree = "<group>";
		};
		967178CE1A497C0E00A2490F /* iOSTestApp WatchKit Extension */ = {
			isa = PBXGroup;
			children = (
				967178D21A497C0E00A2490F /* InterfaceController.swift */,
				967178D41A497C0E00A2490F /* NotificationController.swift */,
				967178D61A497C0E00A2490F /* Images.xcassets */,
				967178CF1A497C0E00A2490F /* Supporting Files */,
			);
			path = "iOSTestApp WatchKit Extension";
			sourceTree = "<group>";
		};
		967178CF1A497C0E00A2490F /* Supporting Files */ = {
			isa = PBXGroup;
			children = (
				967178D01A497C0E00A2490F /* Info.plist */,
				967178D11A497C0E00A2490F /* PushNotificationPayload.apns */,
			);
			name = "Supporting Files";
			sourceTree = "<group>";
		};
		967178DE1A497C0F00A2490F /* iOSTestApp WatchKit App */ = {
			isa = PBXGroup;
			children = (
				967178E11A497C0F00A2490F /* Interface.storyboard */,
				967178E41A497C0F00A2490F /* Images.xcassets */,
				967178DF1A497C0F00A2490F /* Supporting Files */,
			);
			path = "iOSTestApp WatchKit App";
			sourceTree = "<group>";
		};
		967178DF1A497C0F00A2490F /* Supporting Files */ = {
			isa = PBXGroup;
			children = (
				967178E01A497C0F00A2490F /* Info.plist */,
			);
			name = "Supporting Files";
			sourceTree = "<group>";
		};
		968FAAC01A48C1500083A943 /* iOSTestApp */ = {
			isa = PBXGroup;
			children = (
				968FAAC31A48C1500083A943 /* AppDelegate.swift */,
				968FAAC51A48C1500083A943 /* ViewController.swift */,
				968FAAC71A48C1500083A943 /* Main.storyboard */,
				968FAACC1A48C1500083A943 /* LaunchScreen.xib */,
				968FAAC11A48C1500083A943 /* Supporting Files */,
			);
			path = iOSTestApp;
			sourceTree = "<group>";
		};
		968FAAC11A48C1500083A943 /* Supporting Files */ = {
			isa = PBXGroup;
			children = (
				968FAAC21A48C1500083A943 /* Info.plist */,
			);
			name = "Supporting Files";
			sourceTree = "<group>";
		};
		968FAAE81A48C16E0083A943 /* MacTestApp */ = {
			isa = PBXGroup;
			children = (
				968FAAEB1A48C16E0083A943 /* AppDelegate.swift */,
				968FAAED1A48C16E0083A943 /* ViewController.swift */,
				968FAAF11A48C16E0083A943 /* Main.storyboard */,
				968FAAE91A48C16E0083A943 /* Supporting Files */,
			);
			path = MacTestApp;
			sourceTree = "<group>";
		};
		968FAAE91A48C16E0083A943 /* Supporting Files */ = {
			isa = PBXGroup;
			children = (
				968FAAEA1A48C16E0083A943 /* Info.plist */,
			);
			name = "Supporting Files";
			sourceTree = "<group>";
		};
/* End PBXGroup section */

/* Begin PBXNativeTarget section */
		966A50311A3DEBE0002C814F /* acextract */ = {
			isa = PBXNativeTarget;
			buildConfigurationList = 966A50391A3DEBE0002C814F /* Build configuration list for PBXNativeTarget "acextract" */;
			buildPhases = (
				966A502E1A3DEBE0002C814F /* Sources */,
				966A502F1A3DEBE0002C814F /* Frameworks */,
				966A50301A3DEBE0002C814F /* CopyFiles */,
			);
			buildRules = (
			);
			dependencies = (
			);
			name = acextract;
			productName = acextract;
			productReference = 966A50321A3DEBE0002C814F /* acextract */;
			productType = "com.apple.product-type.tool";
		};
		967178CC1A497C0E00A2490F /* iOSTestApp WatchKit Extension */ = {
			isa = PBXNativeTarget;
			buildConfigurationList = 967178F01A497C0F00A2490F /* Build configuration list for PBXNativeTarget "iOSTestApp WatchKit Extension" */;
			buildPhases = (
				967178C91A497C0E00A2490F /* Sources */,
				967178CA1A497C0E00A2490F /* Frameworks */,
				967178CB1A497C0E00A2490F /* Resources */,
			);
			buildRules = (
			);
			dependencies = (
				967178DD1A497C0F00A2490F /* PBXTargetDependency */,
			);
			name = "iOSTestApp WatchKit Extension";
			productName = "iOSTestApp WatchKit Extension";
			productReference = 967178CD1A497C0E00A2490F /* iOSTestApp WatchKit Extension.appex */;
			productType = "com.apple.product-type.watchkit-extension";
		};
		967178D91A497C0E00A2490F /* iOSTestApp WatchKit App */ = {
			isa = PBXNativeTarget;
			buildConfigurationList = 967178EF1A497C0F00A2490F /* Build configuration list for PBXNativeTarget "iOSTestApp WatchKit App" */;
			buildPhases = (
				967178D81A497C0E00A2490F /* Resources */,
			);
			buildRules = (
			);
			dependencies = (
			);
			name = "iOSTestApp WatchKit App";
			productName = "iOSTestApp WatchKit App";
			productReference = 967178DA1A497C0E00A2490F /* iOSTestApp WatchKit App.app */;
			productType = "com.apple.product-type.application.watchapp";
		};
		968FAABE1A48C1500083A943 /* iOSTestApp */ = {
			isa = PBXNativeTarget;
			buildConfigurationList = 968FAAE11A48C1500083A943 /* Build configuration list for PBXNativeTarget "iOSTestApp" */;
			buildPhases = (
				968FAABB1A48C1500083A943 /* Sources */,
				968FAABC1A48C1500083A943 /* Frameworks */,
				968FAABD1A48C1500083A943 /* Resources */,
				967178F11A497C0F00A2490F /* Embed App Extensions */,
			);
			buildRules = (
			);
			dependencies = (
				967178E71A497C0F00A2490F /* PBXTargetDependency */,
			);
			name = iOSTestApp;
			productName = iOSTestApp;
			productReference = 968FAABF1A48C1500083A943 /* iOSTestApp.app */;
			productType = "com.apple.product-type.application";
		};
		968FAAE61A48C16E0083A943 /* MacTestApp */ = {
			isa = PBXNativeTarget;
			buildConfigurationList = 968FAB001A48C16E0083A943 /* Build configuration list for PBXNativeTarget "MacTestApp" */;
			buildPhases = (
				968FAAE31A48C16E0083A943 /* Sources */,
				968FAAE41A48C16E0083A943 /* Frameworks */,
				968FAAE51A48C16E0083A943 /* Resources */,
			);
			buildRules = (
			);
			dependencies = (
			);
			name = MacTestApp;
			productName = MacTestApp;
			productReference = 968FAAE71A48C16E0083A943 /* MacTestApp.app */;
			productType = "com.apple.product-type.application";
		};
/* End PBXNativeTarget section */

/* Begin PBXProject section */
		966A502A1A3DEBE0002C814F /* Project object */ = {
			isa = PBXProject;
			attributes = {
				LastUpgradeCheck = 0610;
				ORGANIZATIONNAME = "Bartosz Janda";
				TargetAttributes = {
					966A50311A3DEBE0002C814F = {
						CreatedOnToolsVersion = 6.1.1;
					};
					967178CC1A497C0E00A2490F = {
						CreatedOnToolsVersion = 6.2;
					};
					967178D91A497C0E00A2490F = {
						CreatedOnToolsVersion = 6.2;
					};
					968FAABE1A48C1500083A943 = {
						CreatedOnToolsVersion = 6.1.1;
					};
					968FAAE61A48C16E0083A943 = {
						CreatedOnToolsVersion = 6.1.1;
					};
				};
			};
			buildConfigurationList = 966A502D1A3DEBE0002C814F /* Build configuration list for PBXProject "acextract" */;
			compatibilityVersion = "Xcode 3.2";
			developmentRegion = English;
			hasScannedForEncodings = 0;
			knownRegions = (
				en,
				Base,
			);
			mainGroup = 966A50291A3DEBE0002C814F;
			productRefGroup = 966A50331A3DEBE0002C814F /* Products */;
			projectDirPath = "";
			projectReferences = (
				{
					ProductGroup = 960CEF871A3F7BF700F0B156 /* Products */;
					ProjectRef = 960CEF861A3F7BF700F0B156 /* CommandLine.xcodeproj */;
				},
			);
			projectRoot = "";
			targets = (
				966A50311A3DEBE0002C814F /* acextract */,
				968FAABE1A48C1500083A943 /* iOSTestApp */,
				968FAAE61A48C16E0083A943 /* MacTestApp */,
				967178CC1A497C0E00A2490F /* iOSTestApp WatchKit Extension */,
				967178D91A497C0E00A2490F /* iOSTestApp WatchKit App */,
			);
		};
/* End PBXProject section */

/* Begin PBXReferenceProxy section */
		960CEF8C1A3F7BF700F0B156 /* CommandLine.framework */ = {
			isa = PBXReferenceProxy;
			fileType = wrapper.framework;
			path = CommandLine.framework;
			remoteRef = 960CEF8B1A3F7BF700F0B156 /* PBXContainerItemProxy */;
			sourceTree = BUILT_PRODUCTS_DIR;
		};
		960CEF8E1A3F7BF700F0B156 /* CommandLineTests.xctest */ = {
			isa = PBXReferenceProxy;
			fileType = wrapper.cfbundle;
			path = CommandLineTests.xctest;
			remoteRef = 960CEF8D1A3F7BF700F0B156 /* PBXContainerItemProxy */;
			sourceTree = BUILT_PRODUCTS_DIR;
		};
/* End PBXReferenceProxy section */

/* Begin PBXResourcesBuildPhase section */
		967178CB1A497C0E00A2490F /* Resources */ = {
			isa = PBXResourcesBuildPhase;
			buildActionMask = 2147483647;
			files = (
				967178F21A497CCD00A2490F /* Images.xcassets in Resources */,
				967178DB1A497C0F00A2490F /* iOSTestApp WatchKit App.app in Resources */,
				967178D71A497C0E00A2490F /* Images.xcassets in Resources */,
			);
			runOnlyForDeploymentPostprocessing = 0;
		};
		967178D81A497C0E00A2490F /* Resources */ = {
			isa = PBXResourcesBuildPhase;
			buildActionMask = 2147483647;
			files = (
				967178F31A497CCE00A2490F /* Images.xcassets in Resources */,
				967178E31A497C0F00A2490F /* Interface.storyboard in Resources */,
				967178E51A497C0F00A2490F /* Images.xcassets in Resources */,
			);
			runOnlyForDeploymentPostprocessing = 0;
		};
		968FAABD1A48C1500083A943 /* Resources */ = {
			isa = PBXResourcesBuildPhase;
			buildActionMask = 2147483647;
			files = (
				9625C14B1A48C24A00EE5162 /* Images.xcassets in Resources */,
				968FAAC91A48C1500083A943 /* Main.storyboard in Resources */,
				968FAACE1A48C1500083A943 /* LaunchScreen.xib in Resources */,
			);
			runOnlyForDeploymentPostprocessing = 0;
		};
		968FAAE51A48C16E0083A943 /* Resources */ = {
			isa = PBXResourcesBuildPhase;
			buildActionMask = 2147483647;
			files = (
				968FAAF31A48C16E0083A943 /* Main.storyboard in Resources */,
				9625C14C1A48C24A00EE5162 /* Images.xcassets in Resources */,
			);
			runOnlyForDeploymentPostprocessing = 0;
		};
/* End PBXResourcesBuildPhase section */

/* Begin PBXSourcesBuildPhase section */
		966A502E1A3DEBE0002C814F /* Sources */ = {
			isa = PBXSourcesBuildPhase;
			buildActionMask = 2147483647;
			files = (
				960CEF971A3F828B00F0B156 /* ImageSet.swift in Sources */,
				960CEF951A3F7C2C00F0B156 /* StringExtensions.swift in Sources */,
				966E3CBF1A4769B300F45574 /* CoreUI.m in Sources */,
				966A50361A3DEBE0002C814F /* main.swift in Sources */,
				960CEF941A3F7C2C00F0B156 /* Option.swift in Sources */,
				966A504F1A3DF14C002C814F /* AssetsCatalog.swift in Sources */,
				960CEF931A3F7C2C00F0B156 /* CommandLine.swift in Sources */,
				96F49FCD1A40C2E700F54148 /* CoreUI_Swift.swift in Sources */,
			);
			runOnlyForDeploymentPostprocessing = 0;
		};
		967178C91A497C0E00A2490F /* Sources */ = {
			isa = PBXSourcesBuildPhase;
			buildActionMask = 2147483647;
			files = (
				967178D51A497C0E00A2490F /* NotificationController.swift in Sources */,
				967178D31A497C0E00A2490F /* InterfaceController.swift in Sources */,
			);
			runOnlyForDeploymentPostprocessing = 0;
		};
		968FAABB1A48C1500083A943 /* Sources */ = {
			isa = PBXSourcesBuildPhase;
			buildActionMask = 2147483647;
			files = (
				968FAAC61A48C1500083A943 /* ViewController.swift in Sources */,
				968FAAC41A48C1500083A943 /* AppDelegate.swift in Sources */,
			);
			runOnlyForDeploymentPostprocessing = 0;
		};
		968FAAE31A48C16E0083A943 /* Sources */ = {
			isa = PBXSourcesBuildPhase;
			buildActionMask = 2147483647;
			files = (
				968FAAEE1A48C16E0083A943 /* ViewController.swift in Sources */,
				968FAAEC1A48C16E0083A943 /* AppDelegate.swift in Sources */,
			);
			runOnlyForDeploymentPostprocessing = 0;
		};
/* End PBXSourcesBuildPhase section */

/* Begin PBXTargetDependency section */
		967178DD1A497C0F00A2490F /* PBXTargetDependency */ = {
			isa = PBXTargetDependency;
			target = 967178D91A497C0E00A2490F /* iOSTestApp WatchKit App */;
			targetProxy = 967178DC1A497C0F00A2490F /* PBXContainerItemProxy */;
		};
		967178E71A497C0F00A2490F /* PBXTargetDependency */ = {
			isa = PBXTargetDependency;
			target = 967178CC1A497C0E00A2490F /* iOSTestApp WatchKit Extension */;
			targetProxy = 967178E61A497C0F00A2490F /* PBXContainerItemProxy */;
		};
/* End PBXTargetDependency section */

/* Begin PBXVariantGroup section */
		967178E11A497C0F00A2490F /* Interface.storyboard */ = {
			isa = PBXVariantGroup;
			children = (
				967178E21A497C0F00A2490F /* Base */,
			);
			name = Interface.storyboard;
			sourceTree = "<group>";
		};
		968FAAC71A48C1500083A943 /* Main.storyboard */ = {
			isa = PBXVariantGroup;
			children = (
				968FAAC81A48C1500083A943 /* Base */,
			);
			name = Main.storyboard;
			sourceTree = "<group>";
		};
		968FAACC1A48C1500083A943 /* LaunchScreen.xib */ = {
			isa = PBXVariantGroup;
			children = (
				968FAACD1A48C1500083A943 /* Base */,
			);
			name = LaunchScreen.xib;
			sourceTree = "<group>";
		};
		968FAAF11A48C16E0083A943 /* Main.storyboard */ = {
			isa = PBXVariantGroup;
			children = (
				968FAAF21A48C16E0083A943 /* Base */,
			);
			name = Main.storyboard;
			sourceTree = "<group>";
		};
/* End PBXVariantGroup section */

/* Begin XCBuildConfiguration section */
		966A50371A3DEBE0002C814F /* Debug */ = {
			isa = XCBuildConfiguration;
			buildSettings = {
				ALWAYS_SEARCH_USER_PATHS = NO;
				CLANG_CXX_LANGUAGE_STANDARD = "gnu++0x";
				CLANG_CXX_LIBRARY = "libc++";
				CLANG_ENABLE_MODULES = YES;
				CLANG_ENABLE_OBJC_ARC = YES;
				CLANG_WARN_BOOL_CONVERSION = YES;
				CLANG_WARN_CONSTANT_CONVERSION = YES;
				CLANG_WARN_DIRECT_OBJC_ISA_USAGE = YES_ERROR;
				CLANG_WARN_EMPTY_BODY = YES;
				CLANG_WARN_ENUM_CONVERSION = YES;
				CLANG_WARN_INT_CONVERSION = YES;
				CLANG_WARN_OBJC_ROOT_CLASS = YES_ERROR;
				CLANG_WARN_UNREACHABLE_CODE = YES;
				CLANG_WARN__DUPLICATE_METHOD_MATCH = YES;
				COPY_PHASE_STRIP = NO;
				ENABLE_STRICT_OBJC_MSGSEND = YES;
				GCC_C_LANGUAGE_STANDARD = gnu99;
				GCC_DYNAMIC_NO_PIC = NO;
				GCC_OPTIMIZATION_LEVEL = 0;
				GCC_PREPROCESSOR_DEFINITIONS = (
					"DEBUG=1",
					"$(inherited)",
				);
				GCC_SYMBOLS_PRIVATE_EXTERN = NO;
				GCC_WARN_64_TO_32_BIT_CONVERSION = YES;
				GCC_WARN_ABOUT_RETURN_TYPE = YES_ERROR;
				GCC_WARN_UNDECLARED_SELECTOR = YES;
				GCC_WARN_UNINITIALIZED_AUTOS = YES_AGGRESSIVE;
				GCC_WARN_UNUSED_FUNCTION = YES;
				GCC_WARN_UNUSED_VARIABLE = YES;
				MACOSX_DEPLOYMENT_TARGET = 10.10;
				MTL_ENABLE_DEBUG_INFO = YES;
				ONLY_ACTIVE_ARCH = YES;
				SDKROOT = macosx;
				SWIFT_OPTIMIZATION_LEVEL = "-Onone";
			};
			name = Debug;
		};
		966A50381A3DEBE0002C814F /* Release */ = {
			isa = XCBuildConfiguration;
			buildSettings = {
				ALWAYS_SEARCH_USER_PATHS = NO;
				CLANG_CXX_LANGUAGE_STANDARD = "gnu++0x";
				CLANG_CXX_LIBRARY = "libc++";
				CLANG_ENABLE_MODULES = YES;
				CLANG_ENABLE_OBJC_ARC = YES;
				CLANG_WARN_BOOL_CONVERSION = YES;
				CLANG_WARN_CONSTANT_CONVERSION = YES;
				CLANG_WARN_DIRECT_OBJC_ISA_USAGE = YES_ERROR;
				CLANG_WARN_EMPTY_BODY = YES;
				CLANG_WARN_ENUM_CONVERSION = YES;
				CLANG_WARN_INT_CONVERSION = YES;
				CLANG_WARN_OBJC_ROOT_CLASS = YES_ERROR;
				CLANG_WARN_UNREACHABLE_CODE = YES;
				CLANG_WARN__DUPLICATE_METHOD_MATCH = YES;
				COPY_PHASE_STRIP = YES;
				DEBUG_INFORMATION_FORMAT = "dwarf-with-dsym";
				ENABLE_NS_ASSERTIONS = NO;
				ENABLE_STRICT_OBJC_MSGSEND = YES;
				GCC_C_LANGUAGE_STANDARD = gnu99;
				GCC_WARN_64_TO_32_BIT_CONVERSION = YES;
				GCC_WARN_ABOUT_RETURN_TYPE = YES_ERROR;
				GCC_WARN_UNDECLARED_SELECTOR = YES;
				GCC_WARN_UNINITIALIZED_AUTOS = YES_AGGRESSIVE;
				GCC_WARN_UNUSED_FUNCTION = YES;
				GCC_WARN_UNUSED_VARIABLE = YES;
				MACOSX_DEPLOYMENT_TARGET = 10.10;
				MTL_ENABLE_DEBUG_INFO = NO;
				SDKROOT = macosx;
			};
			name = Release;
		};
		966A503A1A3DEBE0002C814F /* Debug */ = {
			isa = XCBuildConfiguration;
			buildSettings = {
				FRAMEWORK_SEARCH_PATHS = (
					"$(inherited)",
					"$(SYSTEM_LIBRARY_DIR)/PrivateFrameworks",
				);
				PRODUCT_NAME = "$(TARGET_NAME)";
				SWIFT_OBJC_BRIDGING_HEADER = "acextract/acextract-Bridging-Header.h";
			};
			name = Debug;
		};
		966A503B1A3DEBE0002C814F /* Release */ = {
			isa = XCBuildConfiguration;
			buildSettings = {
				FRAMEWORK_SEARCH_PATHS = (
					"$(inherited)",
					"$(SYSTEM_LIBRARY_DIR)/PrivateFrameworks",
				);
				PRODUCT_NAME = "$(TARGET_NAME)";
				SWIFT_OBJC_BRIDGING_HEADER = "acextract/acextract-Bridging-Header.h";
			};
			name = Release;
		};
		967178E91A497C0F00A2490F /* Debug */ = {
			isa = XCBuildConfiguration;
			buildSettings = {
				GCC_PREPROCESSOR_DEFINITIONS = (
					"DEBUG=1",
					"$(inherited)",
				);
				INFOPLIST_FILE = "iOSTestApp WatchKit Extension/Info.plist";
				IPHONEOS_DEPLOYMENT_TARGET = 8.2;
				LD_RUNPATH_SEARCH_PATHS = "$(inherited) @executable_path/Frameworks @executable_path/../../Frameworks";
				PRODUCT_NAME = "${TARGET_NAME}";
				SDKROOT = iphoneos;
				SKIP_INSTALL = YES;
			};
			name = Debug;
		};
		967178EA1A497C0F00A2490F /* Release */ = {
			isa = XCBuildConfiguration;
			buildSettings = {
				COPY_PHASE_STRIP = NO;
				INFOPLIST_FILE = "iOSTestApp WatchKit Extension/Info.plist";
				IPHONEOS_DEPLOYMENT_TARGET = 8.2;
				LD_RUNPATH_SEARCH_PATHS = "$(inherited) @executable_path/Frameworks @executable_path/../../Frameworks";
				PRODUCT_NAME = "${TARGET_NAME}";
				SDKROOT = iphoneos;
				SKIP_INSTALL = YES;
				VALIDATE_PRODUCT = YES;
			};
			name = Release;
		};
		967178EB1A497C0F00A2490F /* Debug */ = {
			isa = XCBuildConfiguration;
			buildSettings = {
				ASSETCATALOG_COMPILER_APPICON_NAME = AppIcon;
				ASSETCATALOG_COMPILER_LAUNCHIMAGE_NAME = LaunchImage;
				GCC_PREPROCESSOR_DEFINITIONS = (
					"DEBUG=1",
					"$(inherited)",
				);
				IBSC_MODULE = iOSTestApp_WatchKit_Extension;
				INFOPLIST_FILE = "iOSTestApp WatchKit App/Info.plist";
				IPHONEOS_DEPLOYMENT_TARGET = 8.2;
				PRODUCT_NAME = "$(TARGET_NAME)";
				SDKROOT = iphoneos;
				SKIP_INSTALL = YES;
				TARGETED_DEVICE_FAMILY = 4;
				"TARGETED_DEVICE_FAMILY[sdk=iphonesimulator*]" = "1,4";
			};
			name = Debug;
		};
		967178EC1A497C0F00A2490F /* Release */ = {
			isa = XCBuildConfiguration;
			buildSettings = {
				ASSETCATALOG_COMPILER_APPICON_NAME = AppIcon;
				ASSETCATALOG_COMPILER_LAUNCHIMAGE_NAME = LaunchImage;
				COPY_PHASE_STRIP = NO;
				IBSC_MODULE = iOSTestApp_WatchKit_Extension;
				INFOPLIST_FILE = "iOSTestApp WatchKit App/Info.plist";
				IPHONEOS_DEPLOYMENT_TARGET = 8.2;
				PRODUCT_NAME = "$(TARGET_NAME)";
				SDKROOT = iphoneos;
				SKIP_INSTALL = YES;
				TARGETED_DEVICE_FAMILY = 4;
				"TARGETED_DEVICE_FAMILY[sdk=iphonesimulator*]" = "1,4";
				VALIDATE_PRODUCT = YES;
			};
			name = Release;
		};
		968FAADB1A48C1500083A943 /* Debug */ = {
			isa = XCBuildConfiguration;
			buildSettings = {
				"CODE_SIGN_IDENTITY[sdk=iphoneos*]" = "iPhone Developer";
				EMBEDDED_CONTENT_CONTAINS_SWIFT = YES;
				GCC_PREPROCESSOR_DEFINITIONS = (
					"DEBUG=1",
					"$(inherited)",
				);
				INFOPLIST_FILE = iOSTestApp/Info.plist;
				IPHONEOS_DEPLOYMENT_TARGET = 8.1;
				LD_RUNPATH_SEARCH_PATHS = "$(inherited) @executable_path/Frameworks";
				PRODUCT_NAME = "$(TARGET_NAME)";
				SDKROOT = iphoneos;
				TARGETED_DEVICE_FAMILY = "1,2";
			};
			name = Debug;
		};
		968FAADC1A48C1500083A943 /* Release */ = {
			isa = XCBuildConfiguration;
			buildSettings = {
				"CODE_SIGN_IDENTITY[sdk=iphoneos*]" = "iPhone Developer";
				EMBEDDED_CONTENT_CONTAINS_SWIFT = YES;
				INFOPLIST_FILE = iOSTestApp/Info.plist;
				IPHONEOS_DEPLOYMENT_TARGET = 8.1;
				LD_RUNPATH_SEARCH_PATHS = "$(inherited) @executable_path/Frameworks";
				PRODUCT_NAME = "$(TARGET_NAME)";
				SDKROOT = iphoneos;
				TARGETED_DEVICE_FAMILY = "1,2";
				VALIDATE_PRODUCT = YES;
			};
			name = Release;
		};
		968FAB011A48C16E0083A943 /* Debug */ = {
			isa = XCBuildConfiguration;
			buildSettings = {
				CODE_SIGN_IDENTITY = "-";
				COMBINE_HIDPI_IMAGES = YES;
				GCC_PREPROCESSOR_DEFINITIONS = (
					"DEBUG=1",
					"$(inherited)",
				);
				INFOPLIST_FILE = MacTestApp/Info.plist;
				LD_RUNPATH_SEARCH_PATHS = "$(inherited) @executable_path/../Frameworks";
				PRODUCT_NAME = "$(TARGET_NAME)";
			};
			name = Debug;
		};
		968FAB021A48C16E0083A943 /* Release */ = {
			isa = XCBuildConfiguration;
			buildSettings = {
				CODE_SIGN_IDENTITY = "-";
				COMBINE_HIDPI_IMAGES = YES;
				INFOPLIST_FILE = MacTestApp/Info.plist;
				LD_RUNPATH_SEARCH_PATHS = "$(inherited) @executable_path/../Frameworks";
				PRODUCT_NAME = "$(TARGET_NAME)";
			};
			name = Release;
		};
/* End XCBuildConfiguration section */

/* Begin XCConfigurationList section */
		966A502D1A3DEBE0002C814F /* Build configuration list for PBXProject "acextract" */ = {
			isa = XCConfigurationList;
			buildConfigurations = (
				966A50371A3DEBE0002C814F /* Debug */,
				966A50381A3DEBE0002C814F /* Release */,
			);
			defaultConfigurationIsVisible = 0;
			defaultConfigurationName = Release;
		};
		966A50391A3DEBE0002C814F /* Build configuration list for PBXNativeTarget "acextract" */ = {
			isa = XCConfigurationList;
			buildConfigurations = (
				966A503A1A3DEBE0002C814F /* Debug */,
				966A503B1A3DEBE0002C814F /* Release */,
			);
			defaultConfigurationIsVisible = 0;
			defaultConfigurationName = Release;
		};
		967178EF1A497C0F00A2490F /* Build configuration list for PBXNativeTarget "iOSTestApp WatchKit App" */ = {
			isa = XCConfigurationList;
			buildConfigurations = (
				967178EB1A497C0F00A2490F /* Debug */,
				967178EC1A497C0F00A2490F /* Release */,
			);
			defaultConfigurationIsVisible = 0;
		};
		967178F01A497C0F00A2490F /* Build configuration list for PBXNativeTarget "iOSTestApp WatchKit Extension" */ = {
			isa = XCConfigurationList;
			buildConfigurations = (
				967178E91A497C0F00A2490F /* Debug */,
				967178EA1A497C0F00A2490F /* Release */,
			);
			defaultConfigurationIsVisible = 0;
		};
		968FAAE11A48C1500083A943 /* Build configuration list for PBXNativeTarget "iOSTestApp" */ = {
			isa = XCConfigurationList;
			buildConfigurations = (
				968FAADB1A48C1500083A943 /* Debug */,
				968FAADC1A48C1500083A943 /* Release */,
			);
			defaultConfigurationIsVisible = 0;
			defaultConfigurationName = Release;
		};
		968FAB001A48C16E0083A943 /* Build configuration list for PBXNativeTarget "MacTestApp" */ = {
			isa = XCConfigurationList;
			buildConfigurations = (
				968FAB011A48C16E0083A943 /* Debug */,
				968FAB021A48C16E0083A943 /* Release */,
			);
			defaultConfigurationIsVisible = 0;
			defaultConfigurationName = Release;
		};
/* End XCConfigurationList section */
	};
	rootObject = 966A502A1A3DEBE0002C814F /* Project object */;
}
